
Microsoft Visual Studio Solution File, Format Version 12.00
# Visual Studio Version 17
VisualStudioVersion = 17.2.32630.192
MinimumVisualStudioVersion = 10.0.40219.1
Project("{2150E333-8FDC-42A3-9474-1A3956D46DE8}") = "CS01_Basics", "CS01_Basics", "{913A3481-0781-4957-BB8F-7F0CD89ADBAF}"
EndProject
Project("{9A19103F-16F7-4668-BE54-9A1E7A4F7556}") = "CS01_01_ConsoleApp", "CS01_01_ConsoleApp\CS01_01_ConsoleApp.csproj", "{FE6BB467-2605-410C-BE61-70549560CA99}"
EndProject
Project("{9A19103F-16F7-4668-BE54-9A1E7A4F7556}") = "CS01_02_Variables", "CS01_02_Variables\CS01_02_Variables.csproj", "{73C7DEAD-FCAF-4853-829E-F5E8BD4D2989}"
EndProject
Project("{9A19103F-16F7-4668-BE54-9A1E7A4F7556}") = "CS01_03_String", "CS01_03_String\CS01_03_String.csproj", "{3E59098F-D04D-4C63-9B2E-6D6AE44126DA}"
EndProject
Project("{9A19103F-16F7-4668-BE54-9A1E7A4F7556}") = "CS01_04_Char", "CS01_04_Char\CS01_04_Char.csproj", "{629CB958-5818-4543-9F0B-0CAA0497EFC5}"
EndProject
Project("{9A19103F-16F7-4668-BE54-9A1E7A4F7556}") = "CS01_05_ByteAndInteger", "CS01_05_ByteAndInteger\CS01_05_ByteAndInteger.csproj", "{F8183B90-7B98-44E3-AE3D-B71B5F053DB1}"
EndProject
Project("{9A19103F-16F7-4668-BE54-9A1E7A4F7556}") = "CS01_06_Double_Decimal_Float", "CS01_06_Double_Decimal_Float\CS01_06_Double_Decimal_Float.csproj", "{D5D101CD-F435-476A-A894-8E8F97B61210}"
EndProject
Project("{9A19103F-16F7-4668-BE54-9A1E7A4F7556}") = "CS01_07_Boolean", "CS01_07_Boolean\CS01_07_Boolean.csproj", "{E83EACD7-FB10-4B78-8EF6-B644C6AA3A49}"
EndProject
Project("{9A19103F-16F7-4668-BE54-9A1E7A4F7556}") = "CS01_08_DateTime", "CS01_08_DateTime\CS01_08_DateTime.csproj", "{DEE76FAA-0AEA-4477-839F-373931372B85}"
EndProject
Project("{9A19103F-16F7-4668-BE54-9A1E7A4F7556}") = "CS01_09_VariableBehaviors", "CS01_09_VariableBehaviors\CS01_09_VariableBehaviors.csproj", "{485711F2-8673-4AFD-BDC2-A0CA88AFE279}"
EndProject
Project("{9A19103F-16F7-4668-BE54-9A1E7A4F7556}") = "CS01_10_VariableActivityFields", "CS01_10_VariableActivityFields\CS01_10_VariableActivityFields.csproj", "{2F01172D-C470-4EBC-B8EC-AB63CEF1F019}"
EndProject
Project("{9A19103F-16F7-4668-BE54-9A1E7A4F7556}") = "CS01_11_Exercise_01", "CS01_11_Exercise_01\CS01_11_Exercise_01.csproj", "{486F441D-990C-4812-9257-985534FC440A}"
EndProject
Project("{9A19103F-16F7-4668-BE54-9A1E7A4F7556}") = "CS01_12_ConsiciousTypeCasting", "CS01_12_ConsiciousTypeCasting\CS01_12_ConsiciousTypeCasting.csproj", "{1D390D65-E56D-48B8-B0FD-2190B33BAB30}"
EndProject
Project("{9A19103F-16F7-4668-BE54-9A1E7A4F7556}") = "CS01_13_UnconsciousTypeCasting", "CS01_13_UnconsciousTypeCasting\CS01_13_UnconsciousTypeCasting.csproj", "{C48DA479-9963-4E6A-979D-42C30A622848}"
EndProject
Project("{9A19103F-16F7-4668-BE54-9A1E7A4F7556}") = "CS01_14_ObjectType", "CS01_14_ObjectType\CS01_14_ObjectType.csproj", "{CAA2595B-9048-47FF-85B7-9FC577F597D5}"
EndProject
Project("{9A19103F-16F7-4668-BE54-9A1E7A4F7556}") = "CS01_15_Boxing", "CS01_15_Boxing\CS01_15_Boxing.csproj", "{5F111984-6A02-4904-A14D-953AA5573415}"
EndProject
Project("{9A19103F-16F7-4668-BE54-9A1E7A4F7556}") = "CS01_16_ConvertAndParse", "CS01_16_ConvertAndParse\CS01_16_ConvertAndParse.csproj", "{3D3C0BFD-98EA-4D09-B1DE-3DF07299CA4B}"
EndProject
Project("{9A19103F-16F7-4668-BE54-9A1E7A4F7556}") = "CS01_17_VarKeyword", "CS01_17_VarKeyword\CS01_17_VarKeyword.csproj", "{900DCEC8-A038-4F51-AAE4-C1F646252898}"
EndProject
Project("{9A19103F-16F7-4668-BE54-9A1E7A4F7556}") = "CS01_18_Exercise_02", "CS01_18_Exercise_02\CS01_18_Exercise_02.csproj", "{3C3F1CD9-0D73-4657-B0AD-4FF1D1FD7692}"
EndProject
Project("{9A19103F-16F7-4668-BE54-9A1E7A4F7556}") = "CS01_19_Exercise_03", "CS01_19_Exercise_03\CS01_19_Exercise_03.csproj", "{C04A5435-B32C-4AA4-8AF5-44719D05B34D}"
EndProject
Project("{9A19103F-16F7-4668-BE54-9A1E7A4F7556}") = "CS01_20_ArithmeticOperators_Addition", "CS01_20_ArithmeticOperators_Addition\CS01_20_ArithmeticOperators_Addition.csproj", "{B55B2D31-0A9C-4503-BB30-D736D368BF07}"
EndProject
Project("{9A19103F-16F7-4668-BE54-9A1E7A4F7556}") = "CS01_21_ArithmeticOperators_Substract", "CS01_21_ArithmeticOperators_Substract\CS01_21_ArithmeticOperators_Substract.csproj", "{638C80E4-E67A-4134-AA15-E6851EFF82DE}"
EndProject
Project("{9A19103F-16F7-4668-BE54-9A1E7A4F7556}") = "CS01_22_ArithmeticOperators_Multiply", "CS01_22_ArithmeticOperators_Multiply\CS01_22_ArithmeticOperators_Multiply.csproj", "{5F1B8DCB-DF72-4BFC-AEDD-1199787FBF0E}"
EndProject
Project("{9A19103F-16F7-4668-BE54-9A1E7A4F7556}") = "CS01_23_ArithmeticOperators_Divide", "CS01_23_ArithmeticOperators_Divide\CS01_23_ArithmeticOperators_Divide.csproj", "{19374FE8-40C5-44DB-9D19-42564B51FA77}"
EndProject
Project("{9A19103F-16F7-4668-BE54-9A1E7A4F7556}") = "CS01_24_Operators_Modulus_Increment_Decrement", "CS01_24_Operators_Modulus_Increment_Decrement\CS01_24_Operators_Modulus_Increment_Decrement.csproj", "{144CBB87-2887-4FA3-92DA-CB683D3B8828}"
EndProject
Project("{9A19103F-16F7-4668-BE54-9A1E7A4F7556}") = "CS01_25_Exercise_04", "CS01_25_Exercise_04\CS01_25_Exercise_04.csproj", "{D3889332-9304-4CC5-9F99-762984245477}"
EndProject
Project("{9A19103F-16F7-4668-BE54-9A1E7A4F7556}") = "CS01_26_Exercise_05", "CS01_26_Exercise_05\CS01_26_Exercise_05.csproj", "{570733D8-FFD5-4BC6-9BA7-5A15335CBF34}"
EndProject
Project("{9A19103F-16F7-4668-BE54-9A1E7A4F7556}") = "CS01_27_LogicalOperators", "CS01_27_LogicalOperators\CS01_27_LogicalOperators.csproj", "{A78B6EE3-D36A-43B7-9F63-81C329163BDE}"
EndProject
Project("{9A19103F-16F7-4668-BE54-9A1E7A4F7556}") = "CS01_28_IsOperator", "CS01_28_IsOperator\CS01_28_IsOperator.csproj", "{DA7C4F90-BEE7-4A72-8C4F-AD1D80FDC880}"
EndProject
Project("{9A19103F-16F7-4668-BE54-9A1E7A4F7556}") = "CS01_29_AsOperator", "CS01_29_AsOperator\CS01_29_AsOperator.csproj", "{8F99B658-B8C6-4BF6-AF16-3B15EAA6AE8B}"
EndProject
Project("{9A19103F-16F7-4668-BE54-9A1E7A4F7556}") = "CS01_30_Exercise_06", "CS01_30_Exercise_06\CS01_30_Exercise_06.csproj", "{F28A5253-0F2A-4764-A80D-9E191E4D945B}"
EndProject
Project("{FAE04EC0-301F-11D3-BF4B-00C04F79EFBC}") = "CS01_31_ControlFlowStatement_IF", "CS01_31_ControlFlowStatement_IF\CS01_31_ControlFlowStatement_IF.csproj", "{392BD353-32D1-46FB-AF9D-0B195F83156A}"
EndProject
Project("{FAE04EC0-301F-11D3-BF4B-00C04F79EFBC}") = "CS01_32_ControlFlowStatement_IF-ELSE", "CS01_32_ControlFlowStatement_IF-ELSE\CS01_32_ControlFlowStatement_IF-ELSE.csproj", "{010223DA-5428-4641-89ED-A21B4791ABD2}"
EndProject
Global
	GlobalSection(SolutionConfigurationPlatforms) = preSolution
		Debug|Any CPU = Debug|Any CPU
		Release|Any CPU = Release|Any CPU
	EndGlobalSection
	GlobalSection(ProjectConfigurationPlatforms) = postSolution
		{FE6BB467-2605-410C-BE61-70549560CA99}.Debug|Any CPU.ActiveCfg = Debug|Any CPU
		{FE6BB467-2605-410C-BE61-70549560CA99}.Debug|Any CPU.Build.0 = Debug|Any CPU
		{FE6BB467-2605-410C-BE61-70549560CA99}.Release|Any CPU.ActiveCfg = Release|Any CPU
		{FE6BB467-2605-410C-BE61-70549560CA99}.Release|Any CPU.Build.0 = Release|Any CPU
		{73C7DEAD-FCAF-4853-829E-F5E8BD4D2989}.Debug|Any CPU.ActiveCfg = Debug|Any CPU
		{73C7DEAD-FCAF-4853-829E-F5E8BD4D2989}.Debug|Any CPU.Build.0 = Debug|Any CPU
		{73C7DEAD-FCAF-4853-829E-F5E8BD4D2989}.Release|Any CPU.ActiveCfg = Release|Any CPU
		{73C7DEAD-FCAF-4853-829E-F5E8BD4D2989}.Release|Any CPU.Build.0 = Release|Any CPU
		{3E59098F-D04D-4C63-9B2E-6D6AE44126DA}.Debug|Any CPU.ActiveCfg = Debug|Any CPU
		{3E59098F-D04D-4C63-9B2E-6D6AE44126DA}.Debug|Any CPU.Build.0 = Debug|Any CPU
		{3E59098F-D04D-4C63-9B2E-6D6AE44126DA}.Release|Any CPU.ActiveCfg = Release|Any CPU
		{3E59098F-D04D-4C63-9B2E-6D6AE44126DA}.Release|Any CPU.Build.0 = Release|Any CPU
		{629CB958-5818-4543-9F0B-0CAA0497EFC5}.Debug|Any CPU.ActiveCfg = Debug|Any CPU
		{629CB958-5818-4543-9F0B-0CAA0497EFC5}.Debug|Any CPU.Build.0 = Debug|Any CPU
		{629CB958-5818-4543-9F0B-0CAA0497EFC5}.Release|Any CPU.ActiveCfg = Release|Any CPU
		{629CB958-5818-4543-9F0B-0CAA0497EFC5}.Release|Any CPU.Build.0 = Release|Any CPU
		{F8183B90-7B98-44E3-AE3D-B71B5F053DB1}.Debug|Any CPU.ActiveCfg = Debug|Any CPU
		{F8183B90-7B98-44E3-AE3D-B71B5F053DB1}.Debug|Any CPU.Build.0 = Debug|Any CPU
		{F8183B90-7B98-44E3-AE3D-B71B5F053DB1}.Release|Any CPU.ActiveCfg = Release|Any CPU
		{F8183B90-7B98-44E3-AE3D-B71B5F053DB1}.Release|Any CPU.Build.0 = Release|Any CPU
		{D5D101CD-F435-476A-A894-8E8F97B61210}.Debug|Any CPU.ActiveCfg = Debug|Any CPU
		{D5D101CD-F435-476A-A894-8E8F97B61210}.Debug|Any CPU.Build.0 = Debug|Any CPU
		{D5D101CD-F435-476A-A894-8E8F97B61210}.Release|Any CPU.ActiveCfg = Release|Any CPU
		{D5D101CD-F435-476A-A894-8E8F97B61210}.Release|Any CPU.Build.0 = Release|Any CPU
		{E83EACD7-FB10-4B78-8EF6-B644C6AA3A49}.Debug|Any CPU.ActiveCfg = Debug|Any CPU
		{E83EACD7-FB10-4B78-8EF6-B644C6AA3A49}.Debug|Any CPU.Build.0 = Debug|Any CPU
		{E83EACD7-FB10-4B78-8EF6-B644C6AA3A49}.Release|Any CPU.ActiveCfg = Release|Any CPU
		{E83EACD7-FB10-4B78-8EF6-B644C6AA3A49}.Release|Any CPU.Build.0 = Release|Any CPU
		{DEE76FAA-0AEA-4477-839F-373931372B85}.Debug|Any CPU.ActiveCfg = Debug|Any CPU
		{DEE76FAA-0AEA-4477-839F-373931372B85}.Debug|Any CPU.Build.0 = Debug|Any CPU
		{DEE76FAA-0AEA-4477-839F-373931372B85}.Release|Any CPU.ActiveCfg = Release|Any CPU
		{DEE76FAA-0AEA-4477-839F-373931372B85}.Release|Any CPU.Build.0 = Release|Any CPU
		{485711F2-8673-4AFD-BDC2-A0CA88AFE279}.Debug|Any CPU.ActiveCfg = Debug|Any CPU
		{485711F2-8673-4AFD-BDC2-A0CA88AFE279}.Debug|Any CPU.Build.0 = Debug|Any CPU
		{485711F2-8673-4AFD-BDC2-A0CA88AFE279}.Release|Any CPU.ActiveCfg = Release|Any CPU
		{485711F2-8673-4AFD-BDC2-A0CA88AFE279}.Release|Any CPU.Build.0 = Release|Any CPU
		{2F01172D-C470-4EBC-B8EC-AB63CEF1F019}.Debug|Any CPU.ActiveCfg = Debug|Any CPU
		{2F01172D-C470-4EBC-B8EC-AB63CEF1F019}.Debug|Any CPU.Build.0 = Debug|Any CPU
		{2F01172D-C470-4EBC-B8EC-AB63CEF1F019}.Release|Any CPU.ActiveCfg = Release|Any CPU
		{2F01172D-C470-4EBC-B8EC-AB63CEF1F019}.Release|Any CPU.Build.0 = Release|Any CPU
		{486F441D-990C-4812-9257-985534FC440A}.Debug|Any CPU.ActiveCfg = Debug|Any CPU
		{486F441D-990C-4812-9257-985534FC440A}.Debug|Any CPU.Build.0 = Debug|Any CPU
		{486F441D-990C-4812-9257-985534FC440A}.Release|Any CPU.ActiveCfg = Release|Any CPU
		{486F441D-990C-4812-9257-985534FC440A}.Release|Any CPU.Build.0 = Release|Any CPU
		{1D390D65-E56D-48B8-B0FD-2190B33BAB30}.Debug|Any CPU.ActiveCfg = Debug|Any CPU
		{1D390D65-E56D-48B8-B0FD-2190B33BAB30}.Debug|Any CPU.Build.0 = Debug|Any CPU
		{1D390D65-E56D-48B8-B0FD-2190B33BAB30}.Release|Any CPU.ActiveCfg = Release|Any CPU
		{1D390D65-E56D-48B8-B0FD-2190B33BAB30}.Release|Any CPU.Build.0 = Release|Any CPU
		{C48DA479-9963-4E6A-979D-42C30A622848}.Debug|Any CPU.ActiveCfg = Debug|Any CPU
		{C48DA479-9963-4E6A-979D-42C30A622848}.Debug|Any CPU.Build.0 = Debug|Any CPU
		{C48DA479-9963-4E6A-979D-42C30A622848}.Release|Any CPU.ActiveCfg = Release|Any CPU
		{C48DA479-9963-4E6A-979D-42C30A622848}.Release|Any CPU.Build.0 = Release|Any CPU
		{CAA2595B-9048-47FF-85B7-9FC577F597D5}.Debug|Any CPU.ActiveCfg = Debug|Any CPU
		{CAA2595B-9048-47FF-85B7-9FC577F597D5}.Debug|Any CPU.Build.0 = Debug|Any CPU
		{CAA2595B-9048-47FF-85B7-9FC577F597D5}.Release|Any CPU.ActiveCfg = Release|Any CPU
		{CAA2595B-9048-47FF-85B7-9FC577F597D5}.Release|Any CPU.Build.0 = Release|Any CPU
		{5F111984-6A02-4904-A14D-953AA5573415}.Debug|Any CPU.ActiveCfg = Debug|Any CPU
		{5F111984-6A02-4904-A14D-953AA5573415}.Debug|Any CPU.Build.0 = Debug|Any CPU
		{5F111984-6A02-4904-A14D-953AA5573415}.Release|Any CPU.ActiveCfg = Release|Any CPU
		{5F111984-6A02-4904-A14D-953AA5573415}.Release|Any CPU.Build.0 = Release|Any CPU
		{3D3C0BFD-98EA-4D09-B1DE-3DF07299CA4B}.Debug|Any CPU.ActiveCfg = Debug|Any CPU
		{3D3C0BFD-98EA-4D09-B1DE-3DF07299CA4B}.Debug|Any CPU.Build.0 = Debug|Any CPU
		{3D3C0BFD-98EA-4D09-B1DE-3DF07299CA4B}.Release|Any CPU.ActiveCfg = Release|Any CPU
		{3D3C0BFD-98EA-4D09-B1DE-3DF07299CA4B}.Release|Any CPU.Build.0 = Release|Any CPU
		{900DCEC8-A038-4F51-AAE4-C1F646252898}.Debug|Any CPU.ActiveCfg = Debug|Any CPU
		{900DCEC8-A038-4F51-AAE4-C1F646252898}.Debug|Any CPU.Build.0 = Debug|Any CPU
		{900DCEC8-A038-4F51-AAE4-C1F646252898}.Release|Any CPU.ActiveCfg = Release|Any CPU
		{900DCEC8-A038-4F51-AAE4-C1F646252898}.Release|Any CPU.Build.0 = Release|Any CPU
		{3C3F1CD9-0D73-4657-B0AD-4FF1D1FD7692}.Debug|Any CPU.ActiveCfg = Debug|Any CPU
		{3C3F1CD9-0D73-4657-B0AD-4FF1D1FD7692}.Debug|Any CPU.Build.0 = Debug|Any CPU
		{3C3F1CD9-0D73-4657-B0AD-4FF1D1FD7692}.Release|Any CPU.ActiveCfg = Release|Any CPU
		{3C3F1CD9-0D73-4657-B0AD-4FF1D1FD7692}.Release|Any CPU.Build.0 = Release|Any CPU
		{C04A5435-B32C-4AA4-8AF5-44719D05B34D}.Debug|Any CPU.ActiveCfg = Debug|Any CPU
		{C04A5435-B32C-4AA4-8AF5-44719D05B34D}.Debug|Any CPU.Build.0 = Debug|Any CPU
		{C04A5435-B32C-4AA4-8AF5-44719D05B34D}.Release|Any CPU.ActiveCfg = Release|Any CPU
		{C04A5435-B32C-4AA4-8AF5-44719D05B34D}.Release|Any CPU.Build.0 = Release|Any CPU
		{B55B2D31-0A9C-4503-BB30-D736D368BF07}.Debug|Any CPU.ActiveCfg = Debug|Any CPU
		{B55B2D31-0A9C-4503-BB30-D736D368BF07}.Debug|Any CPU.Build.0 = Debug|Any CPU
		{B55B2D31-0A9C-4503-BB30-D736D368BF07}.Release|Any CPU.ActiveCfg = Release|Any CPU
		{B55B2D31-0A9C-4503-BB30-D736D368BF07}.Release|Any CPU.Build.0 = Release|Any CPU
		{638C80E4-E67A-4134-AA15-E6851EFF82DE}.Debug|Any CPU.ActiveCfg = Debug|Any CPU
		{638C80E4-E67A-4134-AA15-E6851EFF82DE}.Debug|Any CPU.Build.0 = Debug|Any CPU
		{638C80E4-E67A-4134-AA15-E6851EFF82DE}.Release|Any CPU.ActiveCfg = Release|Any CPU
		{638C80E4-E67A-4134-AA15-E6851EFF82DE}.Release|Any CPU.Build.0 = Release|Any CPU
		{5F1B8DCB-DF72-4BFC-AEDD-1199787FBF0E}.Debug|Any CPU.ActiveCfg = Debug|Any CPU
		{5F1B8DCB-DF72-4BFC-AEDD-1199787FBF0E}.Debug|Any CPU.Build.0 = Debug|Any CPU
		{5F1B8DCB-DF72-4BFC-AEDD-1199787FBF0E}.Release|Any CPU.ActiveCfg = Release|Any CPU
		{5F1B8DCB-DF72-4BFC-AEDD-1199787FBF0E}.Release|Any CPU.Build.0 = Release|Any CPU
		{19374FE8-40C5-44DB-9D19-42564B51FA77}.Debug|Any CPU.ActiveCfg = Debug|Any CPU
		{19374FE8-40C5-44DB-9D19-42564B51FA77}.Debug|Any CPU.Build.0 = Debug|Any CPU
		{19374FE8-40C5-44DB-9D19-42564B51FA77}.Release|Any CPU.ActiveCfg = Release|Any CPU
		{19374FE8-40C5-44DB-9D19-42564B51FA77}.Release|Any CPU.Build.0 = Release|Any CPU
		{144CBB87-2887-4FA3-92DA-CB683D3B8828}.Debug|Any CPU.ActiveCfg = Debug|Any CPU
		{144CBB87-2887-4FA3-92DA-CB683D3B8828}.Debug|Any CPU.Build.0 = Debug|Any CPU
		{144CBB87-2887-4FA3-92DA-CB683D3B8828}.Release|Any CPU.ActiveCfg = Release|Any CPU
		{144CBB87-2887-4FA3-92DA-CB683D3B8828}.Release|Any CPU.Build.0 = Release|Any CPU
		{D3889332-9304-4CC5-9F99-762984245477}.Debug|Any CPU.ActiveCfg = Debug|Any CPU
		{D3889332-9304-4CC5-9F99-762984245477}.Debug|Any CPU.Build.0 = Debug|Any CPU
		{D3889332-9304-4CC5-9F99-762984245477}.Release|Any CPU.ActiveCfg = Release|Any CPU
		{D3889332-9304-4CC5-9F99-762984245477}.Release|Any CPU.Build.0 = Release|Any CPU
		{570733D8-FFD5-4BC6-9BA7-5A15335CBF34}.Debug|Any CPU.ActiveCfg = Debug|Any CPU
		{570733D8-FFD5-4BC6-9BA7-5A15335CBF34}.Debug|Any CPU.Build.0 = Debug|Any CPU
		{570733D8-FFD5-4BC6-9BA7-5A15335CBF34}.Release|Any CPU.ActiveCfg = Release|Any CPU
		{570733D8-FFD5-4BC6-9BA7-5A15335CBF34}.Release|Any CPU.Build.0 = Release|Any CPU
		{A78B6EE3-D36A-43B7-9F63-81C329163BDE}.Debug|Any CPU.ActiveCfg = Debug|Any CPU
		{A78B6EE3-D36A-43B7-9F63-81C329163BDE}.Debug|Any CPU.Build.0 = Debug|Any CPU
		{A78B6EE3-D36A-43B7-9F63-81C329163BDE}.Release|Any CPU.ActiveCfg = Release|Any CPU
		{A78B6EE3-D36A-43B7-9F63-81C329163BDE}.Release|Any CPU.Build.0 = Release|Any CPU
		{DA7C4F90-BEE7-4A72-8C4F-AD1D80FDC880}.Debug|Any CPU.ActiveCfg = Debug|Any CPU
		{DA7C4F90-BEE7-4A72-8C4F-AD1D80FDC880}.Debug|Any CPU.Build.0 = Debug|Any CPU
		{DA7C4F90-BEE7-4A72-8C4F-AD1D80FDC880}.Release|Any CPU.ActiveCfg = Release|Any CPU
		{DA7C4F90-BEE7-4A72-8C4F-AD1D80FDC880}.Release|Any CPU.Build.0 = Release|Any CPU
		{8F99B658-B8C6-4BF6-AF16-3B15EAA6AE8B}.Debug|Any CPU.ActiveCfg = Debug|Any CPU
		{8F99B658-B8C6-4BF6-AF16-3B15EAA6AE8B}.Debug|Any CPU.Build.0 = Debug|Any CPU
		{8F99B658-B8C6-4BF6-AF16-3B15EAA6AE8B}.Release|Any CPU.ActiveCfg = Release|Any CPU
		{8F99B658-B8C6-4BF6-AF16-3B15EAA6AE8B}.Release|Any CPU.Build.0 = Release|Any CPU
		{F28A5253-0F2A-4764-A80D-9E191E4D945B}.Debug|Any CPU.ActiveCfg = Debug|Any CPU
		{F28A5253-0F2A-4764-A80D-9E191E4D945B}.Debug|Any CPU.Build.0 = Debug|Any CPU
		{F28A5253-0F2A-4764-A80D-9E191E4D945B}.Release|Any CPU.ActiveCfg = Release|Any CPU
		{F28A5253-0F2A-4764-A80D-9E191E4D945B}.Release|Any CPU.Build.0 = Release|Any CPU
		{392BD353-32D1-46FB-AF9D-0B195F83156A}.Debug|Any CPU.ActiveCfg = Debug|Any CPU
		{392BD353-32D1-46FB-AF9D-0B195F83156A}.Debug|Any CPU.Build.0 = Debug|Any CPU
		{392BD353-32D1-46FB-AF9D-0B195F83156A}.Release|Any CPU.ActiveCfg = Release|Any CPU
		{392BD353-32D1-46FB-AF9D-0B195F83156A}.Release|Any CPU.Build.0 = Release|Any CPU
		{010223DA-5428-4641-89ED-A21B4791ABD2}.Debug|Any CPU.ActiveCfg = Debug|Any CPU
		{010223DA-5428-4641-89ED-A21B4791ABD2}.Debug|Any CPU.Build.0 = Debug|Any CPU
		{010223DA-5428-4641-89ED-A21B4791ABD2}.Release|Any CPU.ActiveCfg = Release|Any CPU
		{010223DA-5428-4641-89ED-A21B4791ABD2}.Release|Any CPU.Build.0 = Release|Any CPU
	EndGlobalSection
	GlobalSection(SolutionProperties) = preSolution
		HideSolutionNode = FALSE
	EndGlobalSection
	GlobalSection(NestedProjects) = preSolution
		{FE6BB467-2605-410C-BE61-70549560CA99} = {913A3481-0781-4957-BB8F-7F0CD89ADBAF}
		{73C7DEAD-FCAF-4853-829E-F5E8BD4D2989} = {913A3481-0781-4957-BB8F-7F0CD89ADBAF}
		{3E59098F-D04D-4C63-9B2E-6D6AE44126DA} = {913A3481-0781-4957-BB8F-7F0CD89ADBAF}
		{629CB958-5818-4543-9F0B-0CAA0497EFC5} = {913A3481-0781-4957-BB8F-7F0CD89ADBAF}
		{F8183B90-7B98-44E3-AE3D-B71B5F053DB1} = {913A3481-0781-4957-BB8F-7F0CD89ADBAF}
		{D5D101CD-F435-476A-A894-8E8F97B61210} = {913A3481-0781-4957-BB8F-7F0CD89ADBAF}
		{E83EACD7-FB10-4B78-8EF6-B644C6AA3A49} = {913A3481-0781-4957-BB8F-7F0CD89ADBAF}
		{DEE76FAA-0AEA-4477-839F-373931372B85} = {913A3481-0781-4957-BB8F-7F0CD89ADBAF}
		{485711F2-8673-4AFD-BDC2-A0CA88AFE279} = {913A3481-0781-4957-BB8F-7F0CD89ADBAF}
		{2F01172D-C470-4EBC-B8EC-AB63CEF1F019} = {913A3481-0781-4957-BB8F-7F0CD89ADBAF}
		{486F441D-990C-4812-9257-985534FC440A} = {913A3481-0781-4957-BB8F-7F0CD89ADBAF}
		{1D390D65-E56D-48B8-B0FD-2190B33BAB30} = {913A3481-0781-4957-BB8F-7F0CD89ADBAF}
		{C48DA479-9963-4E6A-979D-42C30A622848} = {913A3481-0781-4957-BB8F-7F0CD89ADBAF}
		{CAA2595B-9048-47FF-85B7-9FC577F597D5} = {913A3481-0781-4957-BB8F-7F0CD89ADBAF}
		{5F111984-6A02-4904-A14D-953AA5573415} = {913A3481-0781-4957-BB8F-7F0CD89ADBAF}
		{3D3C0BFD-98EA-4D09-B1DE-3DF07299CA4B} = {913A3481-0781-4957-BB8F-7F0CD89ADBAF}
		{900DCEC8-A038-4F51-AAE4-C1F646252898} = {913A3481-0781-4957-BB8F-7F0CD89ADBAF}
		{3C3F1CD9-0D73-4657-B0AD-4FF1D1FD7692} = {913A3481-0781-4957-BB8F-7F0CD89ADBAF}
		{C04A5435-B32C-4AA4-8AF5-44719D05B34D} = {913A3481-0781-4957-BB8F-7F0CD89ADBAF}
		{B55B2D31-0A9C-4503-BB30-D736D368BF07} = {913A3481-0781-4957-BB8F-7F0CD89ADBAF}
		{638C80E4-E67A-4134-AA15-E6851EFF82DE} = {913A3481-0781-4957-BB8F-7F0CD89ADBAF}
		{5F1B8DCB-DF72-4BFC-AEDD-1199787FBF0E} = {913A3481-0781-4957-BB8F-7F0CD89ADBAF}
		{19374FE8-40C5-44DB-9D19-42564B51FA77} = {913A3481-0781-4957-BB8F-7F0CD89ADBAF}
		{144CBB87-2887-4FA3-92DA-CB683D3B8828} = {913A3481-0781-4957-BB8F-7F0CD89ADBAF}
		{D3889332-9304-4CC5-9F99-762984245477} = {913A3481-0781-4957-BB8F-7F0CD89ADBAF}
		{570733D8-FFD5-4BC6-9BA7-5A15335CBF34} = {913A3481-0781-4957-BB8F-7F0CD89ADBAF}
		{A78B6EE3-D36A-43B7-9F63-81C329163BDE} = {913A3481-0781-4957-BB8F-7F0CD89ADBAF}
		{DA7C4F90-BEE7-4A72-8C4F-AD1D80FDC880} = {913A3481-0781-4957-BB8F-7F0CD89ADBAF}
		{8F99B658-B8C6-4BF6-AF16-3B15EAA6AE8B} = {913A3481-0781-4957-BB8F-7F0CD89ADBAF}
		{F28A5253-0F2A-4764-A80D-9E191E4D945B} = {913A3481-0781-4957-BB8F-7F0CD89ADBAF}
		{392BD353-32D1-46FB-AF9D-0B195F83156A} = {913A3481-0781-4957-BB8F-7F0CD89ADBAF}
		{010223DA-5428-4641-89ED-A21B4791ABD2} = {913A3481-0781-4957-BB8F-7F0CD89ADBAF}
	EndGlobalSection
	GlobalSection(ExtensibilityGlobals) = postSolution
		SolutionGuid = {06077E7A-1939-45B8-970B-9717CEFA525D}
	EndGlobalSection
EndGlobal
