
Microsoft Visual Studio Solution File, Format Version 12.00
# Visual Studio Version 17
VisualStudioVersion = 17.2.32630.192
MinimumVisualStudioVersion = 10.0.40219.1
Project("{2150E333-8FDC-42A3-9474-1A3956D46DE8}") = "CS01_Basics", "CS01_Basics", "{913A3481-0781-4957-BB8F-7F0CD89ADBAF}"
EndProject
Project("{9A19103F-16F7-4668-BE54-9A1E7A4F7556}") = "CS01_01_ConsoleApp", "CS01_01_ConsoleApp\CS01_01_ConsoleApp.csproj", "{FE6BB467-2605-410C-BE61-70549560CA99}"
EndProject
Project("{9A19103F-16F7-4668-BE54-9A1E7A4F7556}") = "CS01_02_Variables", "CS01_02_Variables\CS01_02_Variables.csproj", "{73C7DEAD-FCAF-4853-829E-F5E8BD4D2989}"
EndProject
Project("{9A19103F-16F7-4668-BE54-9A1E7A4F7556}") = "CS01_03_String", "CS01_03_String\CS01_03_String.csproj", "{3E59098F-D04D-4C63-9B2E-6D6AE44126DA}"
EndProject
Project("{9A19103F-16F7-4668-BE54-9A1E7A4F7556}") = "CS01_04_Char", "CS01_04_Char\CS01_04_Char.csproj", "{629CB958-5818-4543-9F0B-0CAA0497EFC5}"
EndProject
Project("{9A19103F-16F7-4668-BE54-9A1E7A4F7556}") = "CS01_05_ByteAndInteger", "CS01_05_ByteAndInteger\CS01_05_ByteAndInteger.csproj", "{F8183B90-7B98-44E3-AE3D-B71B5F053DB1}"
EndProject
Project("{9A19103F-16F7-4668-BE54-9A1E7A4F7556}") = "CS01_06_Double_Decimal_Float", "CS01_06_Double_Decimal_Float\CS01_06_Double_Decimal_Float.csproj", "{D5D101CD-F435-476A-A894-8E8F97B61210}"
EndProject
Project("{9A19103F-16F7-4668-BE54-9A1E7A4F7556}") = "CS01_07_Boolean", "CS01_07_Boolean\CS01_07_Boolean.csproj", "{E83EACD7-FB10-4B78-8EF6-B644C6AA3A49}"
EndProject
Project("{9A19103F-16F7-4668-BE54-9A1E7A4F7556}") = "CS01_08_DateTime", "CS01_08_DateTime\CS01_08_DateTime.csproj", "{DEE76FAA-0AEA-4477-839F-373931372B85}"
EndProject
Project("{9A19103F-16F7-4668-BE54-9A1E7A4F7556}") = "CS01_10_VariableActivityFields", "CS01_10_VariableActivityFields\CS01_10_VariableActivityFields.csproj", "{2F01172D-C470-4EBC-B8EC-AB63CEF1F019}"
EndProject
Project("{9A19103F-16F7-4668-BE54-9A1E7A4F7556}") = "CS01_11_Exercise_01", "CS01_11_Exercise_01\CS01_11_Exercise_01.csproj", "{486F441D-990C-4812-9257-985534FC440A}"
EndProject
Project("{9A19103F-16F7-4668-BE54-9A1E7A4F7556}") = "CS01_12_ConsiciousTypeCasting", "CS01_12_ConsiciousTypeCasting\CS01_12_ConsiciousTypeCasting.csproj", "{1D390D65-E56D-48B8-B0FD-2190B33BAB30}"
EndProject
Project("{9A19103F-16F7-4668-BE54-9A1E7A4F7556}") = "CS01_13_UnconsciousTypeCasting", "CS01_13_UnconsciousTypeCasting\CS01_13_UnconsciousTypeCasting.csproj", "{C48DA479-9963-4E6A-979D-42C30A622848}"
EndProject
Project("{9A19103F-16F7-4668-BE54-9A1E7A4F7556}") = "CS01_14_ObjectType", "CS01_14_ObjectType\CS01_14_ObjectType.csproj", "{CAA2595B-9048-47FF-85B7-9FC577F597D5}"
EndProject
Project("{9A19103F-16F7-4668-BE54-9A1E7A4F7556}") = "CS01_15_Boxing", "CS01_15_Boxing\CS01_15_Boxing.csproj", "{5F111984-6A02-4904-A14D-953AA5573415}"
EndProject
Project("{9A19103F-16F7-4668-BE54-9A1E7A4F7556}") = "CS01_16_ConvertAndParse", "CS01_16_ConvertAndParse\CS01_16_ConvertAndParse.csproj", "{3D3C0BFD-98EA-4D09-B1DE-3DF07299CA4B}"
EndProject
Project("{9A19103F-16F7-4668-BE54-9A1E7A4F7556}") = "CS01_17_VarKeyword", "CS01_17_VarKeyword\CS01_17_VarKeyword.csproj", "{900DCEC8-A038-4F51-AAE4-C1F646252898}"
EndProject
Project("{9A19103F-16F7-4668-BE54-9A1E7A4F7556}") = "CS01_18_Exercise_02", "CS01_18_Exercise_02\CS01_18_Exercise_02.csproj", "{3C3F1CD9-0D73-4657-B0AD-4FF1D1FD7692}"
EndProject
Project("{9A19103F-16F7-4668-BE54-9A1E7A4F7556}") = "CS01_19_Exercise_03", "CS01_19_Exercise_03\CS01_19_Exercise_03.csproj", "{C04A5435-B32C-4AA4-8AF5-44719D05B34D}"
EndProject
Project("{9A19103F-16F7-4668-BE54-9A1E7A4F7556}") = "CS01_20_ArithmeticOperators_Addition", "CS01_20_ArithmeticOperators_Addition\CS01_20_ArithmeticOperators_Addition.csproj", "{B55B2D31-0A9C-4503-BB30-D736D368BF07}"
EndProject
Project("{9A19103F-16F7-4668-BE54-9A1E7A4F7556}") = "CS01_21_ArithmeticOperators_Substract", "CS01_21_ArithmeticOperators_Substract\CS01_21_ArithmeticOperators_Substract.csproj", "{638C80E4-E67A-4134-AA15-E6851EFF82DE}"
EndProject
Project("{9A19103F-16F7-4668-BE54-9A1E7A4F7556}") = "CS01_22_ArithmeticOperators_Multiply", "CS01_22_ArithmeticOperators_Multiply\CS01_22_ArithmeticOperators_Multiply.csproj", "{5F1B8DCB-DF72-4BFC-AEDD-1199787FBF0E}"
EndProject
Project("{9A19103F-16F7-4668-BE54-9A1E7A4F7556}") = "CS01_23_ArithmeticOperators_Divide", "CS01_23_ArithmeticOperators_Divide\CS01_23_ArithmeticOperators_Divide.csproj", "{19374FE8-40C5-44DB-9D19-42564B51FA77}"
EndProject
Project("{9A19103F-16F7-4668-BE54-9A1E7A4F7556}") = "CS01_24_Operators_Modulus_Increment_Decrement", "CS01_24_Operators_Modulus_Increment_Decrement\CS01_24_Operators_Modulus_Increment_Decrement.csproj", "{144CBB87-2887-4FA3-92DA-CB683D3B8828}"
EndProject
Project("{9A19103F-16F7-4668-BE54-9A1E7A4F7556}") = "CS01_25_Exercise_04", "CS01_25_Exercise_04\CS01_25_Exercise_04.csproj", "{D3889332-9304-4CC5-9F99-762984245477}"
EndProject
Project("{9A19103F-16F7-4668-BE54-9A1E7A4F7556}") = "CS01_26_Exercise_05", "CS01_26_Exercise_05\CS01_26_Exercise_05.csproj", "{570733D8-FFD5-4BC6-9BA7-5A15335CBF34}"
EndProject
Project("{9A19103F-16F7-4668-BE54-9A1E7A4F7556}") = "CS01_27_LogicalOperators", "CS01_27_LogicalOperators\CS01_27_LogicalOperators.csproj", "{A78B6EE3-D36A-43B7-9F63-81C329163BDE}"
EndProject
Project("{9A19103F-16F7-4668-BE54-9A1E7A4F7556}") = "CS01_28_IsOperator", "CS01_28_IsOperator\CS01_28_IsOperator.csproj", "{DA7C4F90-BEE7-4A72-8C4F-AD1D80FDC880}"
EndProject
Project("{9A19103F-16F7-4668-BE54-9A1E7A4F7556}") = "CS01_29_AsOperator", "CS01_29_AsOperator\CS01_29_AsOperator.csproj", "{8F99B658-B8C6-4BF6-AF16-3B15EAA6AE8B}"
EndProject
Project("{9A19103F-16F7-4668-BE54-9A1E7A4F7556}") = "CS01_30_Exercise_06", "CS01_30_Exercise_06\CS01_30_Exercise_06.csproj", "{F28A5253-0F2A-4764-A80D-9E191E4D945B}"
EndProject
Project("{9A19103F-16F7-4668-BE54-9A1E7A4F7556}") = "CS01_31_ControlFlowStatement_IF", "CS01_31_ControlFlowStatement_IF\CS01_31_ControlFlowStatement_IF.csproj", "{392BD353-32D1-46FB-AF9D-0B195F83156A}"
EndProject
Project("{9A19103F-16F7-4668-BE54-9A1E7A4F7556}") = "CS01_32_ControlFlowStatement_IF-ELSE", "CS01_32_ControlFlowStatement_IF-ELSE\CS01_32_ControlFlowStatement_IF-ELSE.csproj", "{010223DA-5428-4641-89ED-A21B4791ABD2}"
EndProject
Project("{9A19103F-16F7-4668-BE54-9A1E7A4F7556}") = "CS01_33_ControlFlowStatement_IF-ELSEIF-IF", "CS01_33_ControlFlowStatement_IF-ELSEIF-IF\CS01_33_ControlFlowStatement_IF-ELSEIF-IF.csproj", "{75FF4381-4E72-46D4-959A-6AEABB57E821}"
EndProject
Project("{9A19103F-16F7-4668-BE54-9A1E7A4F7556}") = "CS01_34_ControlFlowStatement_SwitchCase", "CS01_34_ControlFlowStatement_SwitchCase\CS01_34_ControlFlowStatement_SwitchCase.csproj", "{6C5511B0-DC8F-4CA3-A45E-C177E673682F}"
EndProject
Project("{9A19103F-16F7-4668-BE54-9A1E7A4F7556}") = "CS01_35_Exercise_07", "CS01_35_Exercise_07\CS01_35_Exercise_07.csproj", "{757E036E-F706-422D-9ACB-9ADF9991842D}"
EndProject
Project("{9A19103F-16F7-4668-BE54-9A1E7A4F7556}") = "CS01_36_Exercise_08", "CS01_36_Exercise_08\CS01_36_Exercise_08.csproj", "{287D206A-E86C-4C31-B91D-B2B2B77D5D74}"
EndProject
Project("{9A19103F-16F7-4668-BE54-9A1E7A4F7556}") = "CS01_37_Exercise_09", "CS01_37_Exercise_09\CS01_37_Exercise_09.csproj", "{1D146FAB-F36B-430D-BA49-FD7C22CF93AA}"
EndProject
Project("{9A19103F-16F7-4668-BE54-9A1E7A4F7556}") = "CS01_38_Loops_ForLoop", "CS01_38_Loops_ForLoop\CS01_38_Loops_ForLoop.csproj", "{96ED7FD6-11C2-4653-A7B6-ADAADA03AB23}"
EndProject
Project("{9A19103F-16F7-4668-BE54-9A1E7A4F7556}") = "CS01_39_Loops_Nested_ForLoop", "CS01_39_Loops_Nested_ForLoop\CS01_39_Loops_Nested_ForLoop.csproj", "{BE00D8CC-7A6D-4489-9092-8057E14132D1}"
EndProject
Project("{9A19103F-16F7-4668-BE54-9A1E7A4F7556}") = "CS01_40_Loops_ForEach", "CS01_40_Loops_ForEach\CS01_40_Loops_ForEach.csproj", "{562AEE8A-0611-410B-96A3-BA0F39673B18}"
EndProject
Project("{9A19103F-16F7-4668-BE54-9A1E7A4F7556}") = "CS01_41_Loops_While", "CS01_41_Loops_While\CS01_41_Loops_While.csproj", "{C667D2FE-7691-47AB-8095-2C29A4AEAE71}"
EndProject
Project("{9A19103F-16F7-4668-BE54-9A1E7A4F7556}") = "CS01_42_Loops_DoWhile", "CS01_42_Loops_DoWhile\CS01_42_Loops_DoWhile.csproj", "{95932D68-462E-47C1-9324-E5341F9DDEED}"
EndProject
Project("{2150E333-8FDC-42A3-9474-1A3956D46DE8}") = "CS02_Arrays", "CS02_Arrays", "{AB643B01-ADF8-4FDE-8164-9AAE4FA0141C}"
EndProject
Project("{9A19103F-16F7-4668-BE54-9A1E7A4F7556}") = "CS02_01_Arrays", "CS02_01_Arrays\CS02_01_Arrays.csproj", "{E787A3AF-B145-429A-8880-DD4C774D6EA1}"
EndProject
Project("{9A19103F-16F7-4668-BE54-9A1E7A4F7556}") = "CS02_02_DeclaringArrays", "CS02_02_DeclaringArrays\CS02_02_DeclaringArrays.csproj", "{5BAFDA6E-16CD-4300-8500-A36860FFE27B}"
EndProject
Project("{9A19103F-16F7-4668-BE54-9A1E7A4F7556}") = "CS02_03_InitializingArray", "CS02_03_InitializingArray\CS02_03_InitializingArray.csproj", "{62E924E7-DE41-4439-9EC7-D110AA6FA241}"
EndProject
Project("{9A19103F-16F7-4668-BE54-9A1E7A4F7556}") = "CS02_04_AssigningValuesToAnArray", "CS02_04_AssigningValuesToAnArray\CS02_04_AssigningValuesToAnArray.csproj", "{AF1ADA8D-DAFC-494C-9541-9A5954423011}"
EndProject
Project("{9A19103F-16F7-4668-BE54-9A1E7A4F7556}") = "CS02_05_AccessingArrayElements", "CS02_05_AccessingArrayElements\CS02_05_AccessingArrayElements.csproj", "{56001FF0-8F3A-4AC4-B1FE-0DFC7BC7B36D}"
EndProject
Project("{2150E333-8FDC-42A3-9474-1A3956D46DE8}") = "CS03_Collections", "CS03_Collections", "{6752EE9F-836B-4030-A604-A837837AECDA}"
EndProject
Project("{9A19103F-16F7-4668-BE54-9A1E7A4F7556}") = "CS03_01_Collections", "CS03_01_Collections\CS03_01_Collections.csproj", "{417C8490-1110-4393-A9AF-4EF4F36516F6}"
EndProject
Project("{9A19103F-16F7-4668-BE54-9A1E7A4F7556}") = "CS03_02_ArrayList", "CS03_02_ArrayList\CS03_02_ArrayList.csproj", "{2B07F807-BA33-458F-966C-EF5E3E227D67}"
EndProject
Project("{9A19103F-16F7-4668-BE54-9A1E7A4F7556}") = "CS03_03_HashTable", "CS03_03_HashTable\CS03_03_HashTable.csproj", "{147C63BC-EB78-4F71-A151-18A8A826C9C1}"
EndProject
Project("{9A19103F-16F7-4668-BE54-9A1E7A4F7556}") = "CS01_09_VariableBehaviors", "CS01_09_VariableBehaviors\CS01_09_VariableBehaviors.csproj", "{5390A9DB-3D92-4927-AD7F-6F4AD35EEB7B}"
EndProject
Project("{9A19103F-16F7-4668-BE54-9A1E7A4F7556}") = "CS03_04_SortedList", "CS03_04_SortedList\CS03_04_SortedList.csproj", "{FF85C429-65B6-4AB8-8A0C-689122E3E9B3}"
EndProject
Project("{9A19103F-16F7-4668-BE54-9A1E7A4F7556}") = "CS03_05_Stack", "CS03_05_Stack\CS03_05_Stack.csproj", "{B7CD435A-BCF8-4A94-849D-386DE824E6E9}"
EndProject
Project("{9A19103F-16F7-4668-BE54-9A1E7A4F7556}") = "CS03_06_Queue", "CS03_06_Queue\CS03_06_Queue.csproj", "{2A405EC4-328F-495E-A968-A41BDEBC0583}"
EndProject
Project("{2150E333-8FDC-42A3-9474-1A3956D46DE8}") = "CS04_Methods", "CS04_Methods", "{C1292728-2AEE-43D5-A120-B8626BB84C8F}"
EndProject
Project("{9A19103F-16F7-4668-BE54-9A1E7A4F7556}") = "CS04_01_Introduction", "CS04_01_Introduction\CS04_01_Introduction.csproj", "{AC862E87-9D4B-490C-96D0-62D35B21CE61}"
EndProject
Project("{9A19103F-16F7-4668-BE54-9A1E7A4F7556}") = "CS04_02_Main_Method", "CS04_02_Main_Method\CS04_02_Main_Method.csproj", "{E6B667EC-3010-469D-B290-31F9A01BAA2C}"
EndProject
Project("{9A19103F-16F7-4668-BE54-9A1E7A4F7556}") = "CS04_03_Defining_Method", "CS04_03_Defining_Method\CS04_03_Defining_Method.csproj", "{AA24F0FE-7DD1-44BD-B09E-79ECDD382B9D}"
EndProject
Project("{9A19103F-16F7-4668-BE54-9A1E7A4F7556}") = "CS04_04_Metod_Practice_MathOperations", "CS04_04_Metod_Practice_MathOperations\CS04_04_Metod_Practice_MathOperations.csproj", "{819163C0-9CC9-4F89-8722-EBB67083503D}"
EndProject
Project("{9A19103F-16F7-4668-BE54-9A1E7A4F7556}") = "CS04_05_Method_Practice_Student_Pass_Fail_Calculation", "CS04_05_Method_Practice_Student_Pass_Fail_Calculation\CS04_05_Method_Practice_Student_Pass_Fail_Calculation.csproj", "{77ADCB08-7EEE-4418-B9ED-5C7DE27A940C}"
EndProject
Project("{9A19103F-16F7-4668-BE54-9A1E7A4F7556}") = "CS04_06_Ref_Out_Usage", "CS04_06_Ref_Out_Usage\CS04_06_Ref_Out_Usage.csproj", "{B9FC0D17-69B4-455E-8664-19518E72D76A}"
EndProject
Project("{9A19103F-16F7-4668-BE54-9A1E7A4F7556}") = "CS04_07_Params", "CS04_07_Params\CS04_07_Params.csproj", "{68E7D323-1C05-4A38-9EB5-E2D25BFB7DDB}"
EndProject
Project("{9A19103F-16F7-4668-BE54-9A1E7A4F7556}") = "CS04_08_Method_Overloading", "CS04_08_Method_Overloading\CS04_08_Method_Overloading.csproj", "{6D222F3F-8C30-48A7-B2B7-952B9ED96AE8}"
EndProject
Project("{9A19103F-16F7-4668-BE54-9A1E7A4F7556}") = "CS04_09_Method_Use_In_Method_Params", "CS04_09_Method_Use_In_Method_Params\CS04_09_Method_Use_In_Method_Params.csproj", "{81686DBF-F838-480F-8291-2175015CFB47}"
EndProject
Project("{9A19103F-16F7-4668-BE54-9A1E7A4F7556}") = "CS04_10_Local_Functions", "CS04_10_Local_Functions\CS04_10_Local_Functions.csproj", "{B6894DED-95FE-495D-B9B2-5D6A5F367EC9}"
EndProject
Project("{2150E333-8FDC-42A3-9474-1A3956D46DE8}") = "CS05_OOP_Classes", "CS05_OOP_Classes", "{3D0F2301-5322-4AFA-B5AF-13CD68F32D32}"
EndProject
Project("{9A19103F-16F7-4668-BE54-9A1E7A4F7556}") = "CS05_01_Introduction", "CS05_01_Introduction\CS05_01_Introduction.csproj", "{9577D9AC-5C06-4025-B329-43591C6EDD45}"
EndProject
Project("{9A19103F-16F7-4668-BE54-9A1E7A4F7556}") = "CS05_02_Class_Identifying_Reviewing", "CS05_02_Class_Identifying_Reviewing\CS05_02_Class_Identifying_Reviewing.csproj", "{DC4A651B-9EC6-418D-B9A6-1CE393F1383C}"
EndProject
Project("{9A19103F-16F7-4668-BE54-9A1E7A4F7556}") = "CS05_03_Constructor_Method", "CS05_03_Constructor_Method\CS05_03_Constructor_Method.csproj", "{3376DCD7-97B9-4ADE-B965-8EC243864AEB}"
EndProject
Project("{9A19103F-16F7-4668-BE54-9A1E7A4F7556}") = "CS05_04_Using_Of_Methods_In_Class", "CS05_04_Using_Of_Methods_In_Class\CS05_04_Using_Of_Methods_In_Class.csproj", "{B32F74C6-CC98-4CB0-9D0D-F984830AB425}"
EndProject
Project("{9A19103F-16F7-4668-BE54-9A1E7A4F7556}") = "CS05_05_Practice_Exercise", "CS05_05_Practice_Exercise\CS05_05_Practice_Exercise.csproj", "{C3A20FAE-510E-4F57-B78F-3E20AA4F9E82}"
EndProject
Project("{2150E333-8FDC-42A3-9474-1A3956D46DE8}") = "CS06_OOP_Encapsulation", "CS06_OOP_Encapsulation", "{F9566F8A-E86E-4B62-85AF-EBC8B950A44E}"
EndProject
Project("{9A19103F-16F7-4668-BE54-9A1E7A4F7556}") = "CS06_01_Encapsulation_Introduction", "CS06_01_Encapsulation_Introduction\CS06_01_Encapsulation_Introduction.csproj", "{CB4E0C7C-5EAA-4F47-A46E-067D9155C53F}"
EndProject
Project("{9A19103F-16F7-4668-BE54-9A1E7A4F7556}") = "CS06_02_Data_Encapsulation", "CS06_02_Data_Encapsulation\CS06_02_Data_Encapsulation.csproj", "{A5122CF7-E9DF-4AED-AF6D-6A857CF59909}"
EndProject
Project("{2150E333-8FDC-42A3-9474-1A3956D46DE8}") = "CS07_OOP_Static_Concept", "CS07_OOP_Static_Concept", "{176A1D9D-2B8E-424A-BAD7-86FE01B4BFBA}"
EndProject
Project("{9A19103F-16F7-4668-BE54-9A1E7A4F7556}") = "CS07_01_Static_Introduction", "CS07_01_Static_Introduction\CS07_01_Static_Introduction.csproj", "{3C0763BE-C3E6-4524-B301-DBFFE1D05D47}"
EndProject
Project("{9A19103F-16F7-4668-BE54-9A1E7A4F7556}") = "CS07_02_Static", "CS07_02_Static\CS07_02_Static.csproj", "{9392F524-3C30-4F56-BBC7-4F2E293165C7}"
EndProject
Project("{9A19103F-16F7-4668-BE54-9A1E7A4F7556}") = "CS07_03_Static_Field_Usage", "CS07_03_Static_Field_Usage\CS07_03_Static_Field_Usage.csproj", "{D2EE6BE0-CD0E-4A69-A1F2-A2AEB00C2BE0}"
EndProject
Project("{9A19103F-16F7-4668-BE54-9A1E7A4F7556}") = "CS07_04_Static_Method_Usage", "CS07_04_Static_Method_Usage\CS07_04_Static_Method_Usage.csproj", "{B85C5898-35F3-4FF5-AAA7-51E37412ADE5}"
EndProject
Project("{9A19103F-16F7-4668-BE54-9A1E7A4F7556}") = "CS07_05_Static_Class_Usage", "CS07_05_Static_Class_Usage\CS07_05_Static_Class_Usage.csproj", "{56A16DE1-3809-43D0-9946-AFC26C859858}"
EndProject
Project("{9A19103F-16F7-4668-BE54-9A1E7A4F7556}") = "CS07_06_Static_NonStatic_Constructors", "CS07_06_Static_NonStatic_Constructors\CS07_06_Static_NonStatic_Constructors.csproj", "{AC0833F3-1C63-4DF0-9500-F78DF4B3333C}"
EndProject
Project("{9A19103F-16F7-4668-BE54-9A1E7A4F7556}") = "CS07_07_Exercise", "CS07_07_Exercise\CS07_07_Exercise.csproj", "{93300B53-19E6-4B37-910F-5DC1DB31F5B1}"
EndProject
Project("{2150E333-8FDC-42A3-9474-1A3956D46DE8}") = "CS08_OOP_InnerType", "CS08_OOP_InnerType", "{81C415FD-EE35-4AB5-A456-0A9759B5B218}"
EndProject
Project("{9A19103F-16F7-4668-BE54-9A1E7A4F7556}") = "CS08_01_InnerType_Introduction", "CS08_01_InnerType_Introduction\CS08_01_InnerType_Introduction.csproj", "{32A771F4-2901-42F0-AC75-F0D7DB2E9EE8}"
EndProject
Project("{9A19103F-16F7-4668-BE54-9A1E7A4F7556}") = "CS08_02_InnerType_Modeling", "CS08_02_InnerType_Modeling\CS08_02_InnerType_Modeling.csproj", "{A4B68526-0413-43C1-9BEF-D1A647603171}"
EndProject
Project("{2150E333-8FDC-42A3-9474-1A3956D46DE8}") = "CS09_OOP_Inheritance", "CS09_OOP_Inheritance", "{7FB424B8-FBA9-43F2-89DF-3BB2AC2973E1}"
	ProjectSection(SolutionItems) = preProject
		CS09_01_Inheritance.txt = CS09_01_Inheritance.txt
	EndProjectSection
EndProject
Project("{FAE04EC0-301F-11D3-BF4B-00C04F79EFBC}") = "CS09_01_WhatIsInheritance", "CS09_01_WhatIsInheritance\CS09_01_WhatIsInheritance.csproj", "{52DD104B-20FE-41C7-BA20-A81C80F6813D}"
EndProject
Project("{FAE04EC0-301F-11D3-BF4B-00C04F79EFBC}") = "CS09_02_Constructor", "CS09_02_Constructor\CS09_02_Constructor.csproj", "{86420C6A-7C02-43D7-99F2-B60FCEA4486B}"
EndProject
Project("{FAE04EC0-301F-11D3-BF4B-00C04F79EFBC}") = "CS09_03_Accessing_Constructor_Methods", "CS09_03_Accessing_Constructor_Methods\CS09_03_Accessing_Constructor_Methods.csproj", "{6086785C-0933-47CE-A831-D402D4CF2370}"
EndProject
Global
	GlobalSection(SolutionConfigurationPlatforms) = preSolution
		Debug|Any CPU = Debug|Any CPU
		Release|Any CPU = Release|Any CPU
	EndGlobalSection
	GlobalSection(ProjectConfigurationPlatforms) = postSolution
		{FE6BB467-2605-410C-BE61-70549560CA99}.Debug|Any CPU.ActiveCfg = Debug|Any CPU
		{FE6BB467-2605-410C-BE61-70549560CA99}.Debug|Any CPU.Build.0 = Debug|Any CPU
		{FE6BB467-2605-410C-BE61-70549560CA99}.Release|Any CPU.ActiveCfg = Release|Any CPU
		{FE6BB467-2605-410C-BE61-70549560CA99}.Release|Any CPU.Build.0 = Release|Any CPU
		{73C7DEAD-FCAF-4853-829E-F5E8BD4D2989}.Debug|Any CPU.ActiveCfg = Debug|Any CPU
		{73C7DEAD-FCAF-4853-829E-F5E8BD4D2989}.Debug|Any CPU.Build.0 = Debug|Any CPU
		{73C7DEAD-FCAF-4853-829E-F5E8BD4D2989}.Release|Any CPU.ActiveCfg = Release|Any CPU
		{73C7DEAD-FCAF-4853-829E-F5E8BD4D2989}.Release|Any CPU.Build.0 = Release|Any CPU
		{3E59098F-D04D-4C63-9B2E-6D6AE44126DA}.Debug|Any CPU.ActiveCfg = Debug|Any CPU
		{3E59098F-D04D-4C63-9B2E-6D6AE44126DA}.Debug|Any CPU.Build.0 = Debug|Any CPU
		{3E59098F-D04D-4C63-9B2E-6D6AE44126DA}.Release|Any CPU.ActiveCfg = Release|Any CPU
		{3E59098F-D04D-4C63-9B2E-6D6AE44126DA}.Release|Any CPU.Build.0 = Release|Any CPU
		{629CB958-5818-4543-9F0B-0CAA0497EFC5}.Debug|Any CPU.ActiveCfg = Debug|Any CPU
		{629CB958-5818-4543-9F0B-0CAA0497EFC5}.Debug|Any CPU.Build.0 = Debug|Any CPU
		{629CB958-5818-4543-9F0B-0CAA0497EFC5}.Release|Any CPU.ActiveCfg = Release|Any CPU
		{629CB958-5818-4543-9F0B-0CAA0497EFC5}.Release|Any CPU.Build.0 = Release|Any CPU
		{F8183B90-7B98-44E3-AE3D-B71B5F053DB1}.Debug|Any CPU.ActiveCfg = Debug|Any CPU
		{F8183B90-7B98-44E3-AE3D-B71B5F053DB1}.Debug|Any CPU.Build.0 = Debug|Any CPU
		{F8183B90-7B98-44E3-AE3D-B71B5F053DB1}.Release|Any CPU.ActiveCfg = Release|Any CPU
		{F8183B90-7B98-44E3-AE3D-B71B5F053DB1}.Release|Any CPU.Build.0 = Release|Any CPU
		{D5D101CD-F435-476A-A894-8E8F97B61210}.Debug|Any CPU.ActiveCfg = Debug|Any CPU
		{D5D101CD-F435-476A-A894-8E8F97B61210}.Debug|Any CPU.Build.0 = Debug|Any CPU
		{D5D101CD-F435-476A-A894-8E8F97B61210}.Release|Any CPU.ActiveCfg = Release|Any CPU
		{D5D101CD-F435-476A-A894-8E8F97B61210}.Release|Any CPU.Build.0 = Release|Any CPU
		{E83EACD7-FB10-4B78-8EF6-B644C6AA3A49}.Debug|Any CPU.ActiveCfg = Debug|Any CPU
		{E83EACD7-FB10-4B78-8EF6-B644C6AA3A49}.Debug|Any CPU.Build.0 = Debug|Any CPU
		{E83EACD7-FB10-4B78-8EF6-B644C6AA3A49}.Release|Any CPU.ActiveCfg = Release|Any CPU
		{E83EACD7-FB10-4B78-8EF6-B644C6AA3A49}.Release|Any CPU.Build.0 = Release|Any CPU
		{DEE76FAA-0AEA-4477-839F-373931372B85}.Debug|Any CPU.ActiveCfg = Debug|Any CPU
		{DEE76FAA-0AEA-4477-839F-373931372B85}.Debug|Any CPU.Build.0 = Debug|Any CPU
		{DEE76FAA-0AEA-4477-839F-373931372B85}.Release|Any CPU.ActiveCfg = Release|Any CPU
		{DEE76FAA-0AEA-4477-839F-373931372B85}.Release|Any CPU.Build.0 = Release|Any CPU
		{2F01172D-C470-4EBC-B8EC-AB63CEF1F019}.Debug|Any CPU.ActiveCfg = Debug|Any CPU
		{2F01172D-C470-4EBC-B8EC-AB63CEF1F019}.Debug|Any CPU.Build.0 = Debug|Any CPU
		{2F01172D-C470-4EBC-B8EC-AB63CEF1F019}.Release|Any CPU.ActiveCfg = Release|Any CPU
		{2F01172D-C470-4EBC-B8EC-AB63CEF1F019}.Release|Any CPU.Build.0 = Release|Any CPU
		{486F441D-990C-4812-9257-985534FC440A}.Debug|Any CPU.ActiveCfg = Debug|Any CPU
		{486F441D-990C-4812-9257-985534FC440A}.Debug|Any CPU.Build.0 = Debug|Any CPU
		{486F441D-990C-4812-9257-985534FC440A}.Release|Any CPU.ActiveCfg = Release|Any CPU
		{486F441D-990C-4812-9257-985534FC440A}.Release|Any CPU.Build.0 = Release|Any CPU
		{1D390D65-E56D-48B8-B0FD-2190B33BAB30}.Debug|Any CPU.ActiveCfg = Debug|Any CPU
		{1D390D65-E56D-48B8-B0FD-2190B33BAB30}.Debug|Any CPU.Build.0 = Debug|Any CPU
		{1D390D65-E56D-48B8-B0FD-2190B33BAB30}.Release|Any CPU.ActiveCfg = Release|Any CPU
		{1D390D65-E56D-48B8-B0FD-2190B33BAB30}.Release|Any CPU.Build.0 = Release|Any CPU
		{C48DA479-9963-4E6A-979D-42C30A622848}.Debug|Any CPU.ActiveCfg = Debug|Any CPU
		{C48DA479-9963-4E6A-979D-42C30A622848}.Debug|Any CPU.Build.0 = Debug|Any CPU
		{C48DA479-9963-4E6A-979D-42C30A622848}.Release|Any CPU.ActiveCfg = Release|Any CPU
		{C48DA479-9963-4E6A-979D-42C30A622848}.Release|Any CPU.Build.0 = Release|Any CPU
		{CAA2595B-9048-47FF-85B7-9FC577F597D5}.Debug|Any CPU.ActiveCfg = Debug|Any CPU
		{CAA2595B-9048-47FF-85B7-9FC577F597D5}.Debug|Any CPU.Build.0 = Debug|Any CPU
		{CAA2595B-9048-47FF-85B7-9FC577F597D5}.Release|Any CPU.ActiveCfg = Release|Any CPU
		{CAA2595B-9048-47FF-85B7-9FC577F597D5}.Release|Any CPU.Build.0 = Release|Any CPU
		{5F111984-6A02-4904-A14D-953AA5573415}.Debug|Any CPU.ActiveCfg = Debug|Any CPU
		{5F111984-6A02-4904-A14D-953AA5573415}.Debug|Any CPU.Build.0 = Debug|Any CPU
		{5F111984-6A02-4904-A14D-953AA5573415}.Release|Any CPU.ActiveCfg = Release|Any CPU
		{5F111984-6A02-4904-A14D-953AA5573415}.Release|Any CPU.Build.0 = Release|Any CPU
		{3D3C0BFD-98EA-4D09-B1DE-3DF07299CA4B}.Debug|Any CPU.ActiveCfg = Debug|Any CPU
		{3D3C0BFD-98EA-4D09-B1DE-3DF07299CA4B}.Debug|Any CPU.Build.0 = Debug|Any CPU
		{3D3C0BFD-98EA-4D09-B1DE-3DF07299CA4B}.Release|Any CPU.ActiveCfg = Release|Any CPU
		{3D3C0BFD-98EA-4D09-B1DE-3DF07299CA4B}.Release|Any CPU.Build.0 = Release|Any CPU
		{900DCEC8-A038-4F51-AAE4-C1F646252898}.Debug|Any CPU.ActiveCfg = Debug|Any CPU
		{900DCEC8-A038-4F51-AAE4-C1F646252898}.Debug|Any CPU.Build.0 = Debug|Any CPU
		{900DCEC8-A038-4F51-AAE4-C1F646252898}.Release|Any CPU.ActiveCfg = Release|Any CPU
		{900DCEC8-A038-4F51-AAE4-C1F646252898}.Release|Any CPU.Build.0 = Release|Any CPU
		{3C3F1CD9-0D73-4657-B0AD-4FF1D1FD7692}.Debug|Any CPU.ActiveCfg = Debug|Any CPU
		{3C3F1CD9-0D73-4657-B0AD-4FF1D1FD7692}.Debug|Any CPU.Build.0 = Debug|Any CPU
		{3C3F1CD9-0D73-4657-B0AD-4FF1D1FD7692}.Release|Any CPU.ActiveCfg = Release|Any CPU
		{3C3F1CD9-0D73-4657-B0AD-4FF1D1FD7692}.Release|Any CPU.Build.0 = Release|Any CPU
		{C04A5435-B32C-4AA4-8AF5-44719D05B34D}.Debug|Any CPU.ActiveCfg = Debug|Any CPU
		{C04A5435-B32C-4AA4-8AF5-44719D05B34D}.Debug|Any CPU.Build.0 = Debug|Any CPU
		{C04A5435-B32C-4AA4-8AF5-44719D05B34D}.Release|Any CPU.ActiveCfg = Release|Any CPU
		{C04A5435-B32C-4AA4-8AF5-44719D05B34D}.Release|Any CPU.Build.0 = Release|Any CPU
		{B55B2D31-0A9C-4503-BB30-D736D368BF07}.Debug|Any CPU.ActiveCfg = Debug|Any CPU
		{B55B2D31-0A9C-4503-BB30-D736D368BF07}.Debug|Any CPU.Build.0 = Debug|Any CPU
		{B55B2D31-0A9C-4503-BB30-D736D368BF07}.Release|Any CPU.ActiveCfg = Release|Any CPU
		{B55B2D31-0A9C-4503-BB30-D736D368BF07}.Release|Any CPU.Build.0 = Release|Any CPU
		{638C80E4-E67A-4134-AA15-E6851EFF82DE}.Debug|Any CPU.ActiveCfg = Debug|Any CPU
		{638C80E4-E67A-4134-AA15-E6851EFF82DE}.Debug|Any CPU.Build.0 = Debug|Any CPU
		{638C80E4-E67A-4134-AA15-E6851EFF82DE}.Release|Any CPU.ActiveCfg = Release|Any CPU
		{638C80E4-E67A-4134-AA15-E6851EFF82DE}.Release|Any CPU.Build.0 = Release|Any CPU
		{5F1B8DCB-DF72-4BFC-AEDD-1199787FBF0E}.Debug|Any CPU.ActiveCfg = Debug|Any CPU
		{5F1B8DCB-DF72-4BFC-AEDD-1199787FBF0E}.Debug|Any CPU.Build.0 = Debug|Any CPU
		{5F1B8DCB-DF72-4BFC-AEDD-1199787FBF0E}.Release|Any CPU.ActiveCfg = Release|Any CPU
		{5F1B8DCB-DF72-4BFC-AEDD-1199787FBF0E}.Release|Any CPU.Build.0 = Release|Any CPU
		{19374FE8-40C5-44DB-9D19-42564B51FA77}.Debug|Any CPU.ActiveCfg = Debug|Any CPU
		{19374FE8-40C5-44DB-9D19-42564B51FA77}.Debug|Any CPU.Build.0 = Debug|Any CPU
		{19374FE8-40C5-44DB-9D19-42564B51FA77}.Release|Any CPU.ActiveCfg = Release|Any CPU
		{19374FE8-40C5-44DB-9D19-42564B51FA77}.Release|Any CPU.Build.0 = Release|Any CPU
		{144CBB87-2887-4FA3-92DA-CB683D3B8828}.Debug|Any CPU.ActiveCfg = Debug|Any CPU
		{144CBB87-2887-4FA3-92DA-CB683D3B8828}.Debug|Any CPU.Build.0 = Debug|Any CPU
		{144CBB87-2887-4FA3-92DA-CB683D3B8828}.Release|Any CPU.ActiveCfg = Release|Any CPU
		{144CBB87-2887-4FA3-92DA-CB683D3B8828}.Release|Any CPU.Build.0 = Release|Any CPU
		{D3889332-9304-4CC5-9F99-762984245477}.Debug|Any CPU.ActiveCfg = Debug|Any CPU
		{D3889332-9304-4CC5-9F99-762984245477}.Debug|Any CPU.Build.0 = Debug|Any CPU
		{D3889332-9304-4CC5-9F99-762984245477}.Release|Any CPU.ActiveCfg = Release|Any CPU
		{D3889332-9304-4CC5-9F99-762984245477}.Release|Any CPU.Build.0 = Release|Any CPU
		{570733D8-FFD5-4BC6-9BA7-5A15335CBF34}.Debug|Any CPU.ActiveCfg = Debug|Any CPU
		{570733D8-FFD5-4BC6-9BA7-5A15335CBF34}.Debug|Any CPU.Build.0 = Debug|Any CPU
		{570733D8-FFD5-4BC6-9BA7-5A15335CBF34}.Release|Any CPU.ActiveCfg = Release|Any CPU
		{570733D8-FFD5-4BC6-9BA7-5A15335CBF34}.Release|Any CPU.Build.0 = Release|Any CPU
		{A78B6EE3-D36A-43B7-9F63-81C329163BDE}.Debug|Any CPU.ActiveCfg = Debug|Any CPU
		{A78B6EE3-D36A-43B7-9F63-81C329163BDE}.Debug|Any CPU.Build.0 = Debug|Any CPU
		{A78B6EE3-D36A-43B7-9F63-81C329163BDE}.Release|Any CPU.ActiveCfg = Release|Any CPU
		{A78B6EE3-D36A-43B7-9F63-81C329163BDE}.Release|Any CPU.Build.0 = Release|Any CPU
		{DA7C4F90-BEE7-4A72-8C4F-AD1D80FDC880}.Debug|Any CPU.ActiveCfg = Debug|Any CPU
		{DA7C4F90-BEE7-4A72-8C4F-AD1D80FDC880}.Debug|Any CPU.Build.0 = Debug|Any CPU
		{DA7C4F90-BEE7-4A72-8C4F-AD1D80FDC880}.Release|Any CPU.ActiveCfg = Release|Any CPU
		{DA7C4F90-BEE7-4A72-8C4F-AD1D80FDC880}.Release|Any CPU.Build.0 = Release|Any CPU
		{8F99B658-B8C6-4BF6-AF16-3B15EAA6AE8B}.Debug|Any CPU.ActiveCfg = Debug|Any CPU
		{8F99B658-B8C6-4BF6-AF16-3B15EAA6AE8B}.Debug|Any CPU.Build.0 = Debug|Any CPU
		{8F99B658-B8C6-4BF6-AF16-3B15EAA6AE8B}.Release|Any CPU.ActiveCfg = Release|Any CPU
		{8F99B658-B8C6-4BF6-AF16-3B15EAA6AE8B}.Release|Any CPU.Build.0 = Release|Any CPU
		{F28A5253-0F2A-4764-A80D-9E191E4D945B}.Debug|Any CPU.ActiveCfg = Debug|Any CPU
		{F28A5253-0F2A-4764-A80D-9E191E4D945B}.Debug|Any CPU.Build.0 = Debug|Any CPU
		{F28A5253-0F2A-4764-A80D-9E191E4D945B}.Release|Any CPU.ActiveCfg = Release|Any CPU
		{F28A5253-0F2A-4764-A80D-9E191E4D945B}.Release|Any CPU.Build.0 = Release|Any CPU
		{392BD353-32D1-46FB-AF9D-0B195F83156A}.Debug|Any CPU.ActiveCfg = Debug|Any CPU
		{392BD353-32D1-46FB-AF9D-0B195F83156A}.Debug|Any CPU.Build.0 = Debug|Any CPU
		{392BD353-32D1-46FB-AF9D-0B195F83156A}.Release|Any CPU.ActiveCfg = Release|Any CPU
		{392BD353-32D1-46FB-AF9D-0B195F83156A}.Release|Any CPU.Build.0 = Release|Any CPU
		{010223DA-5428-4641-89ED-A21B4791ABD2}.Debug|Any CPU.ActiveCfg = Debug|Any CPU
		{010223DA-5428-4641-89ED-A21B4791ABD2}.Debug|Any CPU.Build.0 = Debug|Any CPU
		{010223DA-5428-4641-89ED-A21B4791ABD2}.Release|Any CPU.ActiveCfg = Release|Any CPU
		{010223DA-5428-4641-89ED-A21B4791ABD2}.Release|Any CPU.Build.0 = Release|Any CPU
		{75FF4381-4E72-46D4-959A-6AEABB57E821}.Debug|Any CPU.ActiveCfg = Debug|Any CPU
		{75FF4381-4E72-46D4-959A-6AEABB57E821}.Debug|Any CPU.Build.0 = Debug|Any CPU
		{75FF4381-4E72-46D4-959A-6AEABB57E821}.Release|Any CPU.ActiveCfg = Release|Any CPU
		{75FF4381-4E72-46D4-959A-6AEABB57E821}.Release|Any CPU.Build.0 = Release|Any CPU
		{6C5511B0-DC8F-4CA3-A45E-C177E673682F}.Debug|Any CPU.ActiveCfg = Debug|Any CPU
		{6C5511B0-DC8F-4CA3-A45E-C177E673682F}.Debug|Any CPU.Build.0 = Debug|Any CPU
		{6C5511B0-DC8F-4CA3-A45E-C177E673682F}.Release|Any CPU.ActiveCfg = Release|Any CPU
		{6C5511B0-DC8F-4CA3-A45E-C177E673682F}.Release|Any CPU.Build.0 = Release|Any CPU
		{757E036E-F706-422D-9ACB-9ADF9991842D}.Debug|Any CPU.ActiveCfg = Debug|Any CPU
		{757E036E-F706-422D-9ACB-9ADF9991842D}.Debug|Any CPU.Build.0 = Debug|Any CPU
		{757E036E-F706-422D-9ACB-9ADF9991842D}.Release|Any CPU.ActiveCfg = Release|Any CPU
		{757E036E-F706-422D-9ACB-9ADF9991842D}.Release|Any CPU.Build.0 = Release|Any CPU
		{287D206A-E86C-4C31-B91D-B2B2B77D5D74}.Debug|Any CPU.ActiveCfg = Debug|Any CPU
		{287D206A-E86C-4C31-B91D-B2B2B77D5D74}.Debug|Any CPU.Build.0 = Debug|Any CPU
		{287D206A-E86C-4C31-B91D-B2B2B77D5D74}.Release|Any CPU.ActiveCfg = Release|Any CPU
		{287D206A-E86C-4C31-B91D-B2B2B77D5D74}.Release|Any CPU.Build.0 = Release|Any CPU
		{1D146FAB-F36B-430D-BA49-FD7C22CF93AA}.Debug|Any CPU.ActiveCfg = Debug|Any CPU
		{1D146FAB-F36B-430D-BA49-FD7C22CF93AA}.Debug|Any CPU.Build.0 = Debug|Any CPU
		{1D146FAB-F36B-430D-BA49-FD7C22CF93AA}.Release|Any CPU.ActiveCfg = Release|Any CPU
		{1D146FAB-F36B-430D-BA49-FD7C22CF93AA}.Release|Any CPU.Build.0 = Release|Any CPU
		{96ED7FD6-11C2-4653-A7B6-ADAADA03AB23}.Debug|Any CPU.ActiveCfg = Debug|Any CPU
		{96ED7FD6-11C2-4653-A7B6-ADAADA03AB23}.Debug|Any CPU.Build.0 = Debug|Any CPU
		{96ED7FD6-11C2-4653-A7B6-ADAADA03AB23}.Release|Any CPU.ActiveCfg = Release|Any CPU
		{96ED7FD6-11C2-4653-A7B6-ADAADA03AB23}.Release|Any CPU.Build.0 = Release|Any CPU
		{BE00D8CC-7A6D-4489-9092-8057E14132D1}.Debug|Any CPU.ActiveCfg = Debug|Any CPU
		{BE00D8CC-7A6D-4489-9092-8057E14132D1}.Debug|Any CPU.Build.0 = Debug|Any CPU
		{BE00D8CC-7A6D-4489-9092-8057E14132D1}.Release|Any CPU.ActiveCfg = Release|Any CPU
		{BE00D8CC-7A6D-4489-9092-8057E14132D1}.Release|Any CPU.Build.0 = Release|Any CPU
		{562AEE8A-0611-410B-96A3-BA0F39673B18}.Debug|Any CPU.ActiveCfg = Debug|Any CPU
		{562AEE8A-0611-410B-96A3-BA0F39673B18}.Debug|Any CPU.Build.0 = Debug|Any CPU
		{562AEE8A-0611-410B-96A3-BA0F39673B18}.Release|Any CPU.ActiveCfg = Release|Any CPU
		{562AEE8A-0611-410B-96A3-BA0F39673B18}.Release|Any CPU.Build.0 = Release|Any CPU
		{C667D2FE-7691-47AB-8095-2C29A4AEAE71}.Debug|Any CPU.ActiveCfg = Debug|Any CPU
		{C667D2FE-7691-47AB-8095-2C29A4AEAE71}.Debug|Any CPU.Build.0 = Debug|Any CPU
		{C667D2FE-7691-47AB-8095-2C29A4AEAE71}.Release|Any CPU.ActiveCfg = Release|Any CPU
		{C667D2FE-7691-47AB-8095-2C29A4AEAE71}.Release|Any CPU.Build.0 = Release|Any CPU
		{95932D68-462E-47C1-9324-E5341F9DDEED}.Debug|Any CPU.ActiveCfg = Debug|Any CPU
		{95932D68-462E-47C1-9324-E5341F9DDEED}.Debug|Any CPU.Build.0 = Debug|Any CPU
		{95932D68-462E-47C1-9324-E5341F9DDEED}.Release|Any CPU.ActiveCfg = Release|Any CPU
		{95932D68-462E-47C1-9324-E5341F9DDEED}.Release|Any CPU.Build.0 = Release|Any CPU
		{E787A3AF-B145-429A-8880-DD4C774D6EA1}.Debug|Any CPU.ActiveCfg = Debug|Any CPU
		{E787A3AF-B145-429A-8880-DD4C774D6EA1}.Debug|Any CPU.Build.0 = Debug|Any CPU
		{E787A3AF-B145-429A-8880-DD4C774D6EA1}.Release|Any CPU.ActiveCfg = Release|Any CPU
		{E787A3AF-B145-429A-8880-DD4C774D6EA1}.Release|Any CPU.Build.0 = Release|Any CPU
		{5BAFDA6E-16CD-4300-8500-A36860FFE27B}.Debug|Any CPU.ActiveCfg = Debug|Any CPU
		{5BAFDA6E-16CD-4300-8500-A36860FFE27B}.Debug|Any CPU.Build.0 = Debug|Any CPU
		{5BAFDA6E-16CD-4300-8500-A36860FFE27B}.Release|Any CPU.ActiveCfg = Release|Any CPU
		{5BAFDA6E-16CD-4300-8500-A36860FFE27B}.Release|Any CPU.Build.0 = Release|Any CPU
		{62E924E7-DE41-4439-9EC7-D110AA6FA241}.Debug|Any CPU.ActiveCfg = Debug|Any CPU
		{62E924E7-DE41-4439-9EC7-D110AA6FA241}.Debug|Any CPU.Build.0 = Debug|Any CPU
		{62E924E7-DE41-4439-9EC7-D110AA6FA241}.Release|Any CPU.ActiveCfg = Release|Any CPU
		{62E924E7-DE41-4439-9EC7-D110AA6FA241}.Release|Any CPU.Build.0 = Release|Any CPU
		{AF1ADA8D-DAFC-494C-9541-9A5954423011}.Debug|Any CPU.ActiveCfg = Debug|Any CPU
		{AF1ADA8D-DAFC-494C-9541-9A5954423011}.Debug|Any CPU.Build.0 = Debug|Any CPU
		{AF1ADA8D-DAFC-494C-9541-9A5954423011}.Release|Any CPU.ActiveCfg = Release|Any CPU
		{AF1ADA8D-DAFC-494C-9541-9A5954423011}.Release|Any CPU.Build.0 = Release|Any CPU
		{56001FF0-8F3A-4AC4-B1FE-0DFC7BC7B36D}.Debug|Any CPU.ActiveCfg = Debug|Any CPU
		{56001FF0-8F3A-4AC4-B1FE-0DFC7BC7B36D}.Debug|Any CPU.Build.0 = Debug|Any CPU
		{56001FF0-8F3A-4AC4-B1FE-0DFC7BC7B36D}.Release|Any CPU.ActiveCfg = Release|Any CPU
		{56001FF0-8F3A-4AC4-B1FE-0DFC7BC7B36D}.Release|Any CPU.Build.0 = Release|Any CPU
		{417C8490-1110-4393-A9AF-4EF4F36516F6}.Debug|Any CPU.ActiveCfg = Debug|Any CPU
		{417C8490-1110-4393-A9AF-4EF4F36516F6}.Debug|Any CPU.Build.0 = Debug|Any CPU
		{417C8490-1110-4393-A9AF-4EF4F36516F6}.Release|Any CPU.ActiveCfg = Release|Any CPU
		{417C8490-1110-4393-A9AF-4EF4F36516F6}.Release|Any CPU.Build.0 = Release|Any CPU
		{2B07F807-BA33-458F-966C-EF5E3E227D67}.Debug|Any CPU.ActiveCfg = Debug|Any CPU
		{2B07F807-BA33-458F-966C-EF5E3E227D67}.Debug|Any CPU.Build.0 = Debug|Any CPU
		{2B07F807-BA33-458F-966C-EF5E3E227D67}.Release|Any CPU.ActiveCfg = Release|Any CPU
		{2B07F807-BA33-458F-966C-EF5E3E227D67}.Release|Any CPU.Build.0 = Release|Any CPU
		{147C63BC-EB78-4F71-A151-18A8A826C9C1}.Debug|Any CPU.ActiveCfg = Debug|Any CPU
		{147C63BC-EB78-4F71-A151-18A8A826C9C1}.Debug|Any CPU.Build.0 = Debug|Any CPU
		{147C63BC-EB78-4F71-A151-18A8A826C9C1}.Release|Any CPU.ActiveCfg = Release|Any CPU
		{147C63BC-EB78-4F71-A151-18A8A826C9C1}.Release|Any CPU.Build.0 = Release|Any CPU
		{5390A9DB-3D92-4927-AD7F-6F4AD35EEB7B}.Debug|Any CPU.ActiveCfg = Debug|Any CPU
		{5390A9DB-3D92-4927-AD7F-6F4AD35EEB7B}.Debug|Any CPU.Build.0 = Debug|Any CPU
		{5390A9DB-3D92-4927-AD7F-6F4AD35EEB7B}.Release|Any CPU.ActiveCfg = Release|Any CPU
		{5390A9DB-3D92-4927-AD7F-6F4AD35EEB7B}.Release|Any CPU.Build.0 = Release|Any CPU
		{FF85C429-65B6-4AB8-8A0C-689122E3E9B3}.Debug|Any CPU.ActiveCfg = Debug|Any CPU
		{FF85C429-65B6-4AB8-8A0C-689122E3E9B3}.Debug|Any CPU.Build.0 = Debug|Any CPU
		{FF85C429-65B6-4AB8-8A0C-689122E3E9B3}.Release|Any CPU.ActiveCfg = Release|Any CPU
		{FF85C429-65B6-4AB8-8A0C-689122E3E9B3}.Release|Any CPU.Build.0 = Release|Any CPU
		{B7CD435A-BCF8-4A94-849D-386DE824E6E9}.Debug|Any CPU.ActiveCfg = Debug|Any CPU
		{B7CD435A-BCF8-4A94-849D-386DE824E6E9}.Debug|Any CPU.Build.0 = Debug|Any CPU
		{B7CD435A-BCF8-4A94-849D-386DE824E6E9}.Release|Any CPU.ActiveCfg = Release|Any CPU
		{B7CD435A-BCF8-4A94-849D-386DE824E6E9}.Release|Any CPU.Build.0 = Release|Any CPU
		{2A405EC4-328F-495E-A968-A41BDEBC0583}.Debug|Any CPU.ActiveCfg = Debug|Any CPU
		{2A405EC4-328F-495E-A968-A41BDEBC0583}.Debug|Any CPU.Build.0 = Debug|Any CPU
		{2A405EC4-328F-495E-A968-A41BDEBC0583}.Release|Any CPU.ActiveCfg = Release|Any CPU
		{2A405EC4-328F-495E-A968-A41BDEBC0583}.Release|Any CPU.Build.0 = Release|Any CPU
		{AC862E87-9D4B-490C-96D0-62D35B21CE61}.Debug|Any CPU.ActiveCfg = Debug|Any CPU
		{AC862E87-9D4B-490C-96D0-62D35B21CE61}.Debug|Any CPU.Build.0 = Debug|Any CPU
		{AC862E87-9D4B-490C-96D0-62D35B21CE61}.Release|Any CPU.ActiveCfg = Release|Any CPU
		{AC862E87-9D4B-490C-96D0-62D35B21CE61}.Release|Any CPU.Build.0 = Release|Any CPU
		{E6B667EC-3010-469D-B290-31F9A01BAA2C}.Debug|Any CPU.ActiveCfg = Debug|Any CPU
		{E6B667EC-3010-469D-B290-31F9A01BAA2C}.Debug|Any CPU.Build.0 = Debug|Any CPU
		{E6B667EC-3010-469D-B290-31F9A01BAA2C}.Release|Any CPU.ActiveCfg = Release|Any CPU
		{E6B667EC-3010-469D-B290-31F9A01BAA2C}.Release|Any CPU.Build.0 = Release|Any CPU
		{AA24F0FE-7DD1-44BD-B09E-79ECDD382B9D}.Debug|Any CPU.ActiveCfg = Debug|Any CPU
		{AA24F0FE-7DD1-44BD-B09E-79ECDD382B9D}.Debug|Any CPU.Build.0 = Debug|Any CPU
		{AA24F0FE-7DD1-44BD-B09E-79ECDD382B9D}.Release|Any CPU.ActiveCfg = Release|Any CPU
		{AA24F0FE-7DD1-44BD-B09E-79ECDD382B9D}.Release|Any CPU.Build.0 = Release|Any CPU
		{819163C0-9CC9-4F89-8722-EBB67083503D}.Debug|Any CPU.ActiveCfg = Debug|Any CPU
		{819163C0-9CC9-4F89-8722-EBB67083503D}.Debug|Any CPU.Build.0 = Debug|Any CPU
		{819163C0-9CC9-4F89-8722-EBB67083503D}.Release|Any CPU.ActiveCfg = Release|Any CPU
		{819163C0-9CC9-4F89-8722-EBB67083503D}.Release|Any CPU.Build.0 = Release|Any CPU
		{77ADCB08-7EEE-4418-B9ED-5C7DE27A940C}.Debug|Any CPU.ActiveCfg = Debug|Any CPU
		{77ADCB08-7EEE-4418-B9ED-5C7DE27A940C}.Debug|Any CPU.Build.0 = Debug|Any CPU
		{77ADCB08-7EEE-4418-B9ED-5C7DE27A940C}.Release|Any CPU.ActiveCfg = Release|Any CPU
		{77ADCB08-7EEE-4418-B9ED-5C7DE27A940C}.Release|Any CPU.Build.0 = Release|Any CPU
		{B9FC0D17-69B4-455E-8664-19518E72D76A}.Debug|Any CPU.ActiveCfg = Debug|Any CPU
		{B9FC0D17-69B4-455E-8664-19518E72D76A}.Debug|Any CPU.Build.0 = Debug|Any CPU
		{B9FC0D17-69B4-455E-8664-19518E72D76A}.Release|Any CPU.ActiveCfg = Release|Any CPU
		{B9FC0D17-69B4-455E-8664-19518E72D76A}.Release|Any CPU.Build.0 = Release|Any CPU
		{68E7D323-1C05-4A38-9EB5-E2D25BFB7DDB}.Debug|Any CPU.ActiveCfg = Debug|Any CPU
		{68E7D323-1C05-4A38-9EB5-E2D25BFB7DDB}.Debug|Any CPU.Build.0 = Debug|Any CPU
		{68E7D323-1C05-4A38-9EB5-E2D25BFB7DDB}.Release|Any CPU.ActiveCfg = Release|Any CPU
		{68E7D323-1C05-4A38-9EB5-E2D25BFB7DDB}.Release|Any CPU.Build.0 = Release|Any CPU
		{6D222F3F-8C30-48A7-B2B7-952B9ED96AE8}.Debug|Any CPU.ActiveCfg = Debug|Any CPU
		{6D222F3F-8C30-48A7-B2B7-952B9ED96AE8}.Debug|Any CPU.Build.0 = Debug|Any CPU
		{6D222F3F-8C30-48A7-B2B7-952B9ED96AE8}.Release|Any CPU.ActiveCfg = Release|Any CPU
		{6D222F3F-8C30-48A7-B2B7-952B9ED96AE8}.Release|Any CPU.Build.0 = Release|Any CPU
		{81686DBF-F838-480F-8291-2175015CFB47}.Debug|Any CPU.ActiveCfg = Debug|Any CPU
		{81686DBF-F838-480F-8291-2175015CFB47}.Debug|Any CPU.Build.0 = Debug|Any CPU
		{81686DBF-F838-480F-8291-2175015CFB47}.Release|Any CPU.ActiveCfg = Release|Any CPU
		{81686DBF-F838-480F-8291-2175015CFB47}.Release|Any CPU.Build.0 = Release|Any CPU
		{B6894DED-95FE-495D-B9B2-5D6A5F367EC9}.Debug|Any CPU.ActiveCfg = Debug|Any CPU
		{B6894DED-95FE-495D-B9B2-5D6A5F367EC9}.Debug|Any CPU.Build.0 = Debug|Any CPU
		{B6894DED-95FE-495D-B9B2-5D6A5F367EC9}.Release|Any CPU.ActiveCfg = Release|Any CPU
		{B6894DED-95FE-495D-B9B2-5D6A5F367EC9}.Release|Any CPU.Build.0 = Release|Any CPU
		{9577D9AC-5C06-4025-B329-43591C6EDD45}.Debug|Any CPU.ActiveCfg = Debug|Any CPU
		{9577D9AC-5C06-4025-B329-43591C6EDD45}.Debug|Any CPU.Build.0 = Debug|Any CPU
		{9577D9AC-5C06-4025-B329-43591C6EDD45}.Release|Any CPU.ActiveCfg = Release|Any CPU
		{9577D9AC-5C06-4025-B329-43591C6EDD45}.Release|Any CPU.Build.0 = Release|Any CPU
		{DC4A651B-9EC6-418D-B9A6-1CE393F1383C}.Debug|Any CPU.ActiveCfg = Debug|Any CPU
		{DC4A651B-9EC6-418D-B9A6-1CE393F1383C}.Debug|Any CPU.Build.0 = Debug|Any CPU
		{DC4A651B-9EC6-418D-B9A6-1CE393F1383C}.Release|Any CPU.ActiveCfg = Release|Any CPU
		{DC4A651B-9EC6-418D-B9A6-1CE393F1383C}.Release|Any CPU.Build.0 = Release|Any CPU
		{3376DCD7-97B9-4ADE-B965-8EC243864AEB}.Debug|Any CPU.ActiveCfg = Debug|Any CPU
		{3376DCD7-97B9-4ADE-B965-8EC243864AEB}.Debug|Any CPU.Build.0 = Debug|Any CPU
		{3376DCD7-97B9-4ADE-B965-8EC243864AEB}.Release|Any CPU.ActiveCfg = Release|Any CPU
		{3376DCD7-97B9-4ADE-B965-8EC243864AEB}.Release|Any CPU.Build.0 = Release|Any CPU
		{B32F74C6-CC98-4CB0-9D0D-F984830AB425}.Debug|Any CPU.ActiveCfg = Debug|Any CPU
		{B32F74C6-CC98-4CB0-9D0D-F984830AB425}.Debug|Any CPU.Build.0 = Debug|Any CPU
		{B32F74C6-CC98-4CB0-9D0D-F984830AB425}.Release|Any CPU.ActiveCfg = Release|Any CPU
		{B32F74C6-CC98-4CB0-9D0D-F984830AB425}.Release|Any CPU.Build.0 = Release|Any CPU
		{C3A20FAE-510E-4F57-B78F-3E20AA4F9E82}.Debug|Any CPU.ActiveCfg = Debug|Any CPU
		{C3A20FAE-510E-4F57-B78F-3E20AA4F9E82}.Debug|Any CPU.Build.0 = Debug|Any CPU
		{C3A20FAE-510E-4F57-B78F-3E20AA4F9E82}.Release|Any CPU.ActiveCfg = Release|Any CPU
		{C3A20FAE-510E-4F57-B78F-3E20AA4F9E82}.Release|Any CPU.Build.0 = Release|Any CPU
		{CB4E0C7C-5EAA-4F47-A46E-067D9155C53F}.Debug|Any CPU.ActiveCfg = Debug|Any CPU
		{CB4E0C7C-5EAA-4F47-A46E-067D9155C53F}.Debug|Any CPU.Build.0 = Debug|Any CPU
		{CB4E0C7C-5EAA-4F47-A46E-067D9155C53F}.Release|Any CPU.ActiveCfg = Release|Any CPU
		{CB4E0C7C-5EAA-4F47-A46E-067D9155C53F}.Release|Any CPU.Build.0 = Release|Any CPU
		{A5122CF7-E9DF-4AED-AF6D-6A857CF59909}.Debug|Any CPU.ActiveCfg = Debug|Any CPU
		{A5122CF7-E9DF-4AED-AF6D-6A857CF59909}.Debug|Any CPU.Build.0 = Debug|Any CPU
		{A5122CF7-E9DF-4AED-AF6D-6A857CF59909}.Release|Any CPU.ActiveCfg = Release|Any CPU
		{A5122CF7-E9DF-4AED-AF6D-6A857CF59909}.Release|Any CPU.Build.0 = Release|Any CPU
		{3C0763BE-C3E6-4524-B301-DBFFE1D05D47}.Debug|Any CPU.ActiveCfg = Debug|Any CPU
		{3C0763BE-C3E6-4524-B301-DBFFE1D05D47}.Debug|Any CPU.Build.0 = Debug|Any CPU
		{3C0763BE-C3E6-4524-B301-DBFFE1D05D47}.Release|Any CPU.ActiveCfg = Release|Any CPU
		{3C0763BE-C3E6-4524-B301-DBFFE1D05D47}.Release|Any CPU.Build.0 = Release|Any CPU
		{9392F524-3C30-4F56-BBC7-4F2E293165C7}.Debug|Any CPU.ActiveCfg = Debug|Any CPU
		{9392F524-3C30-4F56-BBC7-4F2E293165C7}.Debug|Any CPU.Build.0 = Debug|Any CPU
		{9392F524-3C30-4F56-BBC7-4F2E293165C7}.Release|Any CPU.ActiveCfg = Release|Any CPU
		{9392F524-3C30-4F56-BBC7-4F2E293165C7}.Release|Any CPU.Build.0 = Release|Any CPU
		{D2EE6BE0-CD0E-4A69-A1F2-A2AEB00C2BE0}.Debug|Any CPU.ActiveCfg = Debug|Any CPU
		{D2EE6BE0-CD0E-4A69-A1F2-A2AEB00C2BE0}.Debug|Any CPU.Build.0 = Debug|Any CPU
		{D2EE6BE0-CD0E-4A69-A1F2-A2AEB00C2BE0}.Release|Any CPU.ActiveCfg = Release|Any CPU
		{D2EE6BE0-CD0E-4A69-A1F2-A2AEB00C2BE0}.Release|Any CPU.Build.0 = Release|Any CPU
		{B85C5898-35F3-4FF5-AAA7-51E37412ADE5}.Debug|Any CPU.ActiveCfg = Debug|Any CPU
		{B85C5898-35F3-4FF5-AAA7-51E37412ADE5}.Debug|Any CPU.Build.0 = Debug|Any CPU
		{B85C5898-35F3-4FF5-AAA7-51E37412ADE5}.Release|Any CPU.ActiveCfg = Release|Any CPU
		{B85C5898-35F3-4FF5-AAA7-51E37412ADE5}.Release|Any CPU.Build.0 = Release|Any CPU
		{56A16DE1-3809-43D0-9946-AFC26C859858}.Debug|Any CPU.ActiveCfg = Debug|Any CPU
		{56A16DE1-3809-43D0-9946-AFC26C859858}.Debug|Any CPU.Build.0 = Debug|Any CPU
		{56A16DE1-3809-43D0-9946-AFC26C859858}.Release|Any CPU.ActiveCfg = Release|Any CPU
		{56A16DE1-3809-43D0-9946-AFC26C859858}.Release|Any CPU.Build.0 = Release|Any CPU
		{AC0833F3-1C63-4DF0-9500-F78DF4B3333C}.Debug|Any CPU.ActiveCfg = Debug|Any CPU
		{AC0833F3-1C63-4DF0-9500-F78DF4B3333C}.Debug|Any CPU.Build.0 = Debug|Any CPU
		{AC0833F3-1C63-4DF0-9500-F78DF4B3333C}.Release|Any CPU.ActiveCfg = Release|Any CPU
		{AC0833F3-1C63-4DF0-9500-F78DF4B3333C}.Release|Any CPU.Build.0 = Release|Any CPU
		{93300B53-19E6-4B37-910F-5DC1DB31F5B1}.Debug|Any CPU.ActiveCfg = Debug|Any CPU
		{93300B53-19E6-4B37-910F-5DC1DB31F5B1}.Debug|Any CPU.Build.0 = Debug|Any CPU
		{93300B53-19E6-4B37-910F-5DC1DB31F5B1}.Release|Any CPU.ActiveCfg = Release|Any CPU
		{93300B53-19E6-4B37-910F-5DC1DB31F5B1}.Release|Any CPU.Build.0 = Release|Any CPU
		{32A771F4-2901-42F0-AC75-F0D7DB2E9EE8}.Debug|Any CPU.ActiveCfg = Debug|Any CPU
		{32A771F4-2901-42F0-AC75-F0D7DB2E9EE8}.Debug|Any CPU.Build.0 = Debug|Any CPU
		{32A771F4-2901-42F0-AC75-F0D7DB2E9EE8}.Release|Any CPU.ActiveCfg = Release|Any CPU
		{32A771F4-2901-42F0-AC75-F0D7DB2E9EE8}.Release|Any CPU.Build.0 = Release|Any CPU
		{A4B68526-0413-43C1-9BEF-D1A647603171}.Debug|Any CPU.ActiveCfg = Debug|Any CPU
		{A4B68526-0413-43C1-9BEF-D1A647603171}.Debug|Any CPU.Build.0 = Debug|Any CPU
		{A4B68526-0413-43C1-9BEF-D1A647603171}.Release|Any CPU.ActiveCfg = Release|Any CPU
		{A4B68526-0413-43C1-9BEF-D1A647603171}.Release|Any CPU.Build.0 = Release|Any CPU
		{52DD104B-20FE-41C7-BA20-A81C80F6813D}.Debug|Any CPU.ActiveCfg = Debug|Any CPU
		{52DD104B-20FE-41C7-BA20-A81C80F6813D}.Debug|Any CPU.Build.0 = Debug|Any CPU
		{52DD104B-20FE-41C7-BA20-A81C80F6813D}.Release|Any CPU.ActiveCfg = Release|Any CPU
		{52DD104B-20FE-41C7-BA20-A81C80F6813D}.Release|Any CPU.Build.0 = Release|Any CPU
		{86420C6A-7C02-43D7-99F2-B60FCEA4486B}.Debug|Any CPU.ActiveCfg = Debug|Any CPU
		{86420C6A-7C02-43D7-99F2-B60FCEA4486B}.Debug|Any CPU.Build.0 = Debug|Any CPU
		{86420C6A-7C02-43D7-99F2-B60FCEA4486B}.Release|Any CPU.ActiveCfg = Release|Any CPU
		{86420C6A-7C02-43D7-99F2-B60FCEA4486B}.Release|Any CPU.Build.0 = Release|Any CPU
		{6086785C-0933-47CE-A831-D402D4CF2370}.Debug|Any CPU.ActiveCfg = Debug|Any CPU
		{6086785C-0933-47CE-A831-D402D4CF2370}.Debug|Any CPU.Build.0 = Debug|Any CPU
		{6086785C-0933-47CE-A831-D402D4CF2370}.Release|Any CPU.ActiveCfg = Release|Any CPU
		{6086785C-0933-47CE-A831-D402D4CF2370}.Release|Any CPU.Build.0 = Release|Any CPU
	EndGlobalSection
	GlobalSection(SolutionProperties) = preSolution
		HideSolutionNode = FALSE
	EndGlobalSection
	GlobalSection(NestedProjects) = preSolution
		{FE6BB467-2605-410C-BE61-70549560CA99} = {913A3481-0781-4957-BB8F-7F0CD89ADBAF}
		{73C7DEAD-FCAF-4853-829E-F5E8BD4D2989} = {913A3481-0781-4957-BB8F-7F0CD89ADBAF}
		{3E59098F-D04D-4C63-9B2E-6D6AE44126DA} = {913A3481-0781-4957-BB8F-7F0CD89ADBAF}
		{629CB958-5818-4543-9F0B-0CAA0497EFC5} = {913A3481-0781-4957-BB8F-7F0CD89ADBAF}
		{F8183B90-7B98-44E3-AE3D-B71B5F053DB1} = {913A3481-0781-4957-BB8F-7F0CD89ADBAF}
		{D5D101CD-F435-476A-A894-8E8F97B61210} = {913A3481-0781-4957-BB8F-7F0CD89ADBAF}
		{E83EACD7-FB10-4B78-8EF6-B644C6AA3A49} = {913A3481-0781-4957-BB8F-7F0CD89ADBAF}
		{DEE76FAA-0AEA-4477-839F-373931372B85} = {913A3481-0781-4957-BB8F-7F0CD89ADBAF}
		{2F01172D-C470-4EBC-B8EC-AB63CEF1F019} = {913A3481-0781-4957-BB8F-7F0CD89ADBAF}
		{486F441D-990C-4812-9257-985534FC440A} = {913A3481-0781-4957-BB8F-7F0CD89ADBAF}
		{1D390D65-E56D-48B8-B0FD-2190B33BAB30} = {913A3481-0781-4957-BB8F-7F0CD89ADBAF}
		{C48DA479-9963-4E6A-979D-42C30A622848} = {913A3481-0781-4957-BB8F-7F0CD89ADBAF}
		{CAA2595B-9048-47FF-85B7-9FC577F597D5} = {913A3481-0781-4957-BB8F-7F0CD89ADBAF}
		{5F111984-6A02-4904-A14D-953AA5573415} = {913A3481-0781-4957-BB8F-7F0CD89ADBAF}
		{3D3C0BFD-98EA-4D09-B1DE-3DF07299CA4B} = {913A3481-0781-4957-BB8F-7F0CD89ADBAF}
		{900DCEC8-A038-4F51-AAE4-C1F646252898} = {913A3481-0781-4957-BB8F-7F0CD89ADBAF}
		{3C3F1CD9-0D73-4657-B0AD-4FF1D1FD7692} = {913A3481-0781-4957-BB8F-7F0CD89ADBAF}
		{C04A5435-B32C-4AA4-8AF5-44719D05B34D} = {913A3481-0781-4957-BB8F-7F0CD89ADBAF}
		{B55B2D31-0A9C-4503-BB30-D736D368BF07} = {913A3481-0781-4957-BB8F-7F0CD89ADBAF}
		{638C80E4-E67A-4134-AA15-E6851EFF82DE} = {913A3481-0781-4957-BB8F-7F0CD89ADBAF}
		{5F1B8DCB-DF72-4BFC-AEDD-1199787FBF0E} = {913A3481-0781-4957-BB8F-7F0CD89ADBAF}
		{19374FE8-40C5-44DB-9D19-42564B51FA77} = {913A3481-0781-4957-BB8F-7F0CD89ADBAF}
		{144CBB87-2887-4FA3-92DA-CB683D3B8828} = {913A3481-0781-4957-BB8F-7F0CD89ADBAF}
		{D3889332-9304-4CC5-9F99-762984245477} = {913A3481-0781-4957-BB8F-7F0CD89ADBAF}
		{570733D8-FFD5-4BC6-9BA7-5A15335CBF34} = {913A3481-0781-4957-BB8F-7F0CD89ADBAF}
		{A78B6EE3-D36A-43B7-9F63-81C329163BDE} = {913A3481-0781-4957-BB8F-7F0CD89ADBAF}
		{DA7C4F90-BEE7-4A72-8C4F-AD1D80FDC880} = {913A3481-0781-4957-BB8F-7F0CD89ADBAF}
		{8F99B658-B8C6-4BF6-AF16-3B15EAA6AE8B} = {913A3481-0781-4957-BB8F-7F0CD89ADBAF}
		{F28A5253-0F2A-4764-A80D-9E191E4D945B} = {913A3481-0781-4957-BB8F-7F0CD89ADBAF}
		{392BD353-32D1-46FB-AF9D-0B195F83156A} = {913A3481-0781-4957-BB8F-7F0CD89ADBAF}
		{010223DA-5428-4641-89ED-A21B4791ABD2} = {913A3481-0781-4957-BB8F-7F0CD89ADBAF}
		{75FF4381-4E72-46D4-959A-6AEABB57E821} = {913A3481-0781-4957-BB8F-7F0CD89ADBAF}
		{6C5511B0-DC8F-4CA3-A45E-C177E673682F} = {913A3481-0781-4957-BB8F-7F0CD89ADBAF}
		{757E036E-F706-422D-9ACB-9ADF9991842D} = {913A3481-0781-4957-BB8F-7F0CD89ADBAF}
		{287D206A-E86C-4C31-B91D-B2B2B77D5D74} = {913A3481-0781-4957-BB8F-7F0CD89ADBAF}
		{1D146FAB-F36B-430D-BA49-FD7C22CF93AA} = {913A3481-0781-4957-BB8F-7F0CD89ADBAF}
		{96ED7FD6-11C2-4653-A7B6-ADAADA03AB23} = {913A3481-0781-4957-BB8F-7F0CD89ADBAF}
		{BE00D8CC-7A6D-4489-9092-8057E14132D1} = {913A3481-0781-4957-BB8F-7F0CD89ADBAF}
		{562AEE8A-0611-410B-96A3-BA0F39673B18} = {913A3481-0781-4957-BB8F-7F0CD89ADBAF}
		{C667D2FE-7691-47AB-8095-2C29A4AEAE71} = {913A3481-0781-4957-BB8F-7F0CD89ADBAF}
		{95932D68-462E-47C1-9324-E5341F9DDEED} = {913A3481-0781-4957-BB8F-7F0CD89ADBAF}
		{E787A3AF-B145-429A-8880-DD4C774D6EA1} = {AB643B01-ADF8-4FDE-8164-9AAE4FA0141C}
		{5BAFDA6E-16CD-4300-8500-A36860FFE27B} = {AB643B01-ADF8-4FDE-8164-9AAE4FA0141C}
		{62E924E7-DE41-4439-9EC7-D110AA6FA241} = {AB643B01-ADF8-4FDE-8164-9AAE4FA0141C}
		{AF1ADA8D-DAFC-494C-9541-9A5954423011} = {AB643B01-ADF8-4FDE-8164-9AAE4FA0141C}
		{56001FF0-8F3A-4AC4-B1FE-0DFC7BC7B36D} = {AB643B01-ADF8-4FDE-8164-9AAE4FA0141C}
		{417C8490-1110-4393-A9AF-4EF4F36516F6} = {6752EE9F-836B-4030-A604-A837837AECDA}
		{2B07F807-BA33-458F-966C-EF5E3E227D67} = {6752EE9F-836B-4030-A604-A837837AECDA}
		{147C63BC-EB78-4F71-A151-18A8A826C9C1} = {6752EE9F-836B-4030-A604-A837837AECDA}
		{5390A9DB-3D92-4927-AD7F-6F4AD35EEB7B} = {913A3481-0781-4957-BB8F-7F0CD89ADBAF}
		{FF85C429-65B6-4AB8-8A0C-689122E3E9B3} = {6752EE9F-836B-4030-A604-A837837AECDA}
		{B7CD435A-BCF8-4A94-849D-386DE824E6E9} = {6752EE9F-836B-4030-A604-A837837AECDA}
		{2A405EC4-328F-495E-A968-A41BDEBC0583} = {6752EE9F-836B-4030-A604-A837837AECDA}
		{AC862E87-9D4B-490C-96D0-62D35B21CE61} = {C1292728-2AEE-43D5-A120-B8626BB84C8F}
		{E6B667EC-3010-469D-B290-31F9A01BAA2C} = {C1292728-2AEE-43D5-A120-B8626BB84C8F}
		{AA24F0FE-7DD1-44BD-B09E-79ECDD382B9D} = {C1292728-2AEE-43D5-A120-B8626BB84C8F}
		{819163C0-9CC9-4F89-8722-EBB67083503D} = {C1292728-2AEE-43D5-A120-B8626BB84C8F}
		{77ADCB08-7EEE-4418-B9ED-5C7DE27A940C} = {C1292728-2AEE-43D5-A120-B8626BB84C8F}
		{B9FC0D17-69B4-455E-8664-19518E72D76A} = {C1292728-2AEE-43D5-A120-B8626BB84C8F}
		{68E7D323-1C05-4A38-9EB5-E2D25BFB7DDB} = {C1292728-2AEE-43D5-A120-B8626BB84C8F}
		{6D222F3F-8C30-48A7-B2B7-952B9ED96AE8} = {C1292728-2AEE-43D5-A120-B8626BB84C8F}
		{81686DBF-F838-480F-8291-2175015CFB47} = {C1292728-2AEE-43D5-A120-B8626BB84C8F}
		{B6894DED-95FE-495D-B9B2-5D6A5F367EC9} = {C1292728-2AEE-43D5-A120-B8626BB84C8F}
		{9577D9AC-5C06-4025-B329-43591C6EDD45} = {3D0F2301-5322-4AFA-B5AF-13CD68F32D32}
		{DC4A651B-9EC6-418D-B9A6-1CE393F1383C} = {3D0F2301-5322-4AFA-B5AF-13CD68F32D32}
		{3376DCD7-97B9-4ADE-B965-8EC243864AEB} = {3D0F2301-5322-4AFA-B5AF-13CD68F32D32}
		{B32F74C6-CC98-4CB0-9D0D-F984830AB425} = {3D0F2301-5322-4AFA-B5AF-13CD68F32D32}
		{C3A20FAE-510E-4F57-B78F-3E20AA4F9E82} = {3D0F2301-5322-4AFA-B5AF-13CD68F32D32}
		{CB4E0C7C-5EAA-4F47-A46E-067D9155C53F} = {F9566F8A-E86E-4B62-85AF-EBC8B950A44E}
		{A5122CF7-E9DF-4AED-AF6D-6A857CF59909} = {F9566F8A-E86E-4B62-85AF-EBC8B950A44E}
		{3C0763BE-C3E6-4524-B301-DBFFE1D05D47} = {176A1D9D-2B8E-424A-BAD7-86FE01B4BFBA}
		{9392F524-3C30-4F56-BBC7-4F2E293165C7} = {176A1D9D-2B8E-424A-BAD7-86FE01B4BFBA}
		{D2EE6BE0-CD0E-4A69-A1F2-A2AEB00C2BE0} = {176A1D9D-2B8E-424A-BAD7-86FE01B4BFBA}
		{B85C5898-35F3-4FF5-AAA7-51E37412ADE5} = {176A1D9D-2B8E-424A-BAD7-86FE01B4BFBA}
		{56A16DE1-3809-43D0-9946-AFC26C859858} = {176A1D9D-2B8E-424A-BAD7-86FE01B4BFBA}
		{AC0833F3-1C63-4DF0-9500-F78DF4B3333C} = {176A1D9D-2B8E-424A-BAD7-86FE01B4BFBA}
		{93300B53-19E6-4B37-910F-5DC1DB31F5B1} = {176A1D9D-2B8E-424A-BAD7-86FE01B4BFBA}
		{32A771F4-2901-42F0-AC75-F0D7DB2E9EE8} = {81C415FD-EE35-4AB5-A456-0A9759B5B218}
		{A4B68526-0413-43C1-9BEF-D1A647603171} = {81C415FD-EE35-4AB5-A456-0A9759B5B218}
		{52DD104B-20FE-41C7-BA20-A81C80F6813D} = {7FB424B8-FBA9-43F2-89DF-3BB2AC2973E1}
		{86420C6A-7C02-43D7-99F2-B60FCEA4486B} = {7FB424B8-FBA9-43F2-89DF-3BB2AC2973E1}
		{6086785C-0933-47CE-A831-D402D4CF2370} = {7FB424B8-FBA9-43F2-89DF-3BB2AC2973E1}
	EndGlobalSection
	GlobalSection(ExtensibilityGlobals) = postSolution
		SolutionGuid = {06077E7A-1939-45B8-970B-9717CEFA525D}
	EndGlobalSection
EndGlobal
