
Microsoft Visual Studio Solution File, Format Version 12.00
Project("{2150E333-8FDC-42A3-9474-1A3956D46DE8}") = "CS01_Basics", "CS01_Basics", "{913A3481-0781-4957-BB8F-7F0CD89ADBAF}"
EndProject
Project("{FAE04EC0-301F-11D3-BF4B-00C04F79EFBC}") = "CS01_01_ConsoleApp", "CS01_01_ConsoleApp\CS01_01_ConsoleApp.csproj", "{FE6BB467-2605-410C-BE61-70549560CA99}"
EndProject
Project("{FAE04EC0-301F-11D3-BF4B-00C04F79EFBC}") = "CS01_02_Variables", "CS01_02_Variables\CS01_02_Variables.csproj", "{73C7DEAD-FCAF-4853-829E-F5E8BD4D2989}"
EndProject
Project("{FAE04EC0-301F-11D3-BF4B-00C04F79EFBC}") = "CS01_03_StringVariableTypeAndMethods", "CS01_03_StringVariableTypeAndMethods\CS01_03_StringVariableTypeAndMethods.csproj", "{3E59098F-D04D-4C63-9B2E-6D6AE44126DA}"
EndProject
Project("{FAE04EC0-301F-11D3-BF4B-00C04F79EFBC}") = "CS01_04_CharVariableTypeAndMethods", "CS01_04_CharVariableTypeAndMethods\CS01_04_CharVariableTypeAndMethods.csproj", "{629CB958-5818-4543-9F0B-0CAA0497EFC5}"
EndProject
Global
	GlobalSection(SolutionConfigurationPlatforms) = preSolution
		Debug|Any CPU = Debug|Any CPU
		Release|Any CPU = Release|Any CPU
	EndGlobalSection
	GlobalSection(NestedProjects) = preSolution
		{FE6BB467-2605-410C-BE61-70549560CA99} = {913A3481-0781-4957-BB8F-7F0CD89ADBAF}
		{73C7DEAD-FCAF-4853-829E-F5E8BD4D2989} = {913A3481-0781-4957-BB8F-7F0CD89ADBAF}
		{3E59098F-D04D-4C63-9B2E-6D6AE44126DA} = {913A3481-0781-4957-BB8F-7F0CD89ADBAF}
		{629CB958-5818-4543-9F0B-0CAA0497EFC5} = {913A3481-0781-4957-BB8F-7F0CD89ADBAF}
	EndGlobalSection
	GlobalSection(ProjectConfigurationPlatforms) = postSolution
		{FE6BB467-2605-410C-BE61-70549560CA99}.Debug|Any CPU.ActiveCfg = Debug|Any CPU
		{FE6BB467-2605-410C-BE61-70549560CA99}.Debug|Any CPU.Build.0 = Debug|Any CPU
		{FE6BB467-2605-410C-BE61-70549560CA99}.Release|Any CPU.ActiveCfg = Release|Any CPU
		{FE6BB467-2605-410C-BE61-70549560CA99}.Release|Any CPU.Build.0 = Release|Any CPU
		{73C7DEAD-FCAF-4853-829E-F5E8BD4D2989}.Debug|Any CPU.ActiveCfg = Debug|Any CPU
		{73C7DEAD-FCAF-4853-829E-F5E8BD4D2989}.Debug|Any CPU.Build.0 = Debug|Any CPU
		{73C7DEAD-FCAF-4853-829E-F5E8BD4D2989}.Release|Any CPU.ActiveCfg = Release|Any CPU
		{73C7DEAD-FCAF-4853-829E-F5E8BD4D2989}.Release|Any CPU.Build.0 = Release|Any CPU
		{3E59098F-D04D-4C63-9B2E-6D6AE44126DA}.Debug|Any CPU.ActiveCfg = Debug|Any CPU
		{3E59098F-D04D-4C63-9B2E-6D6AE44126DA}.Debug|Any CPU.Build.0 = Debug|Any CPU
		{3E59098F-D04D-4C63-9B2E-6D6AE44126DA}.Release|Any CPU.ActiveCfg = Release|Any CPU
		{3E59098F-D04D-4C63-9B2E-6D6AE44126DA}.Release|Any CPU.Build.0 = Release|Any CPU
		{629CB958-5818-4543-9F0B-0CAA0497EFC5}.Debug|Any CPU.ActiveCfg = Debug|Any CPU
		{629CB958-5818-4543-9F0B-0CAA0497EFC5}.Debug|Any CPU.Build.0 = Debug|Any CPU
		{629CB958-5818-4543-9F0B-0CAA0497EFC5}.Release|Any CPU.ActiveCfg = Release|Any CPU
		{629CB958-5818-4543-9F0B-0CAA0497EFC5}.Release|Any CPU.Build.0 = Release|Any CPU
	EndGlobalSection
EndGlobal
